
Microsoft Visual Studio Solution File, Format Version 12.00
Project("{FAE04EC0-301F-11D3-BF4B-00C04F79EFBC}") = "AlgoTecture.WebApi", "AlgoTecture.WebApi\AlgoTecture.WebApi.csproj", "{5E77CDE9-2DEF-4A50-A86A-35D0C1BE58F7}"
EndProject
Project("{FAE04EC0-301F-11D3-BF4B-00C04F79EFBC}") = "AlgoTecture.TelegramBot", "AlgoTecture.TelegramBot\AlgoTecture.TelegramBot.csproj", "{06AD4BC1-3D83-4272-B2CA-BEA74D2FA7F0}"
EndProject
Project("{2150E333-8FDC-42A3-9474-1A3956D46DE8}") = "Libraries", "Libraries", "{680AD23C-CA3D-45C9-8EDC-27DBA0813A05}"
EndProject
Project("{FAE04EC0-301F-11D3-BF4B-00C04F79EFBC}") = "AlgoTecture.Libraries.GeoAdminSearch", "AlgoTecture.Libraries.GeoAdminSearch\AlgoTecture.Libraries.GeoAdminSearch.csproj", "{FF969273-58F3-4C80-9C93-FB5C456C9BC2}"
EndProject
Project("{FAE04EC0-301F-11D3-BF4B-00C04F79EFBC}") = "AlgoTecture.Domain", "AlgoTecture.Domain\AlgoTecture.Domain.csproj", "{B12257DD-ECB9-4E29-9E09-CCB271E2EA8A}"
EndProject
Project("{FAE04EC0-301F-11D3-BF4B-00C04F79EFBC}") = "AlgoTecture.Data.Persistence", "AlgoTecture.Data.Persistence\AlgoTecture.Data.Persistence.csproj", "{3633532B-91D0-4908-AD21-291E4D9106A6}"
EndProject
Project("{2150E333-8FDC-42A3-9474-1A3956D46DE8}") = "Database", "Database", "{0318C5EA-A6C7-4A42-9386-B4A83B48C76A}"
EndProject
Project("{FAE04EC0-301F-11D3-BF4B-00C04F79EFBC}") = "AlgoTecture.EfCli", "AlgoTecture.EfCli\AlgoTecture.EfCli.csproj", "{9596F180-BC93-49A5-9BEF-C00BE2864613}"
EndProject
Project("{FAE04EC0-301F-11D3-BF4B-00C04F79EFBC}") = "AlgoTecture.Libraries.Spaces", "AlgoTecture.Libraries.Spaces\AlgoTecture.Libraries.Spaces.csproj", "{08137259-B2F4-49FB-B70C-5FA9ECE9E07A}"
EndProject
Project("{2150E333-8FDC-42A3-9474-1A3956D46DE8}") = "Data", "Data", "{580AF6E1-3AEE-47EC-85E6-64F358795AC9}"
EndProject
Project("{FAE04EC0-301F-11D3-BF4B-00C04F79EFBC}") = "AlgoTecture.Data.Images", "AlgoTecture.Data.Images\AlgoTecture.Data.Images.csproj", "{190FDE51-FA83-40FD-8D07-4E2119870D00}"
EndProject
Project("{FAE04EC0-301F-11D3-BF4B-00C04F79EFBC}") = "AlgoTecture.Libraries.Environments", "AlgoTecture.Libraries.Environments\AlgoTecture.Libraries.Environments.csproj", "{63DBDCF8-6179-4ED9-93B7-0EB661F4D166}"
EndProject
Project("{FAE04EC0-301F-11D3-BF4B-00C04F79EFBC}") = "AlgoTecture.Libraries.UtilizationTypes", "AlgoTecture.Libraries.UtilizationTypes\AlgoTecture.Libraries.UtilizationTypes.csproj", "{0793333A-C6CF-4B65-AFE1-1187C51EA954}"
EndProject
Project("{FAE04EC0-301F-11D3-BF4B-00C04F79EFBC}") = "AlgoTecture.Libraries.Users", "AlgoTecture.Libraries.Users\AlgoTecture.Libraries.Users.csproj", "{F878E6FA-9460-46FF-9EDE-1878A5163EC5}"
EndProject
Project("{FAE04EC0-301F-11D3-BF4B-00C04F79EFBC}") = "AlgoTecture.Data.Persistence.Ef", "AlgoTecture.Data.Persistence.Ef\AlgoTecture.Data.Persistence.Ef.csproj", "{259B4676-4EFA-461D-B727-2E9FD01AD904}"
EndProject
Project("{FAE04EC0-301F-11D3-BF4B-00C04F79EFBC}") = "AlgoTecture.Libraries.Reservations", "AlgoTecture.Libraries.Reservations\AlgoTecture.Libraries.Reservations.csproj", "{6ECA29B2-5C36-4B88-99D7-21B0B0D9B3FA}"
EndProject
Project("{FAE04EC0-301F-11D3-BF4B-00C04F79EFBC}") = "AlgoTecture.Libraries.PriceSpecifications", "AlgoTecture.Libraries.PriceSpecifications\AlgoTecture.Libraries.PriceSpecifications.csproj", "{E362C37C-9C24-46B5-BEA0-1EAD2F3A8535}"
EndProject
Project("{2150E333-8FDC-42A3-9474-1A3956D46DE8}") = "Tests", "Tests", "{DE18D2EC-8796-45EC-84C3-EA8D7A0E27C4}"
EndProject
Project("{FAE04EC0-301F-11D3-BF4B-00C04F79EFBC}") = "AlgoTecture.Libraries.Reservations.Tests", "AlgoTecture.Libraries.Reservations.Tests\AlgoTecture.Libraries.Reservations.Tests.csproj", "{1EC8134E-12A2-4EEB-83F7-A128164E15E7}"
EndProject
Project("{FAE04EC0-301F-11D3-BF4B-00C04F79EFBC}") = "AlgoTecture.Common", "AlgoTecture.Common\AlgoTecture.Common.csproj", "{D8E3F5C6-7A3B-4BDF-9D90-DE6867EAEB22}"
EndProject
Project("{FAE04EC0-301F-11D3-BF4B-00C04F79EFBC}") = "AlgoTecture.WebApi.QrCode", "AlgoTecture.WebApi.QrCode\AlgoTecture.WebApi.QrCode.csproj", "{7D6C8FF7-A8C4-48BE-BB41-AEBD3D30406C}"
EndProject
Project("{FAE04EC0-301F-11D3-BF4B-00C04F79EFBC}") = "AlgoTecture.Libraries.Spaces.Tests", "AlgoTecture.Libraries.Spaces.Tests\AlgoTecture.Libraries.Spaces.Tests.csproj", "{998D3762-0AF4-4ABF-807A-ED210BB6D1DF}"
EndProject
Global
	GlobalSection(SolutionConfigurationPlatforms) = preSolution
		Debug|Any CPU = Debug|Any CPU
		Release|Any CPU = Release|Any CPU
	EndGlobalSection
	GlobalSection(ProjectConfigurationPlatforms) = postSolution
		{5E77CDE9-2DEF-4A50-A86A-35D0C1BE58F7}.Debug|Any CPU.ActiveCfg = Debug|Any CPU
		{5E77CDE9-2DEF-4A50-A86A-35D0C1BE58F7}.Debug|Any CPU.Build.0 = Debug|Any CPU
		{5E77CDE9-2DEF-4A50-A86A-35D0C1BE58F7}.Release|Any CPU.ActiveCfg = Release|Any CPU
		{5E77CDE9-2DEF-4A50-A86A-35D0C1BE58F7}.Release|Any CPU.Build.0 = Release|Any CPU
		{06AD4BC1-3D83-4272-B2CA-BEA74D2FA7F0}.Debug|Any CPU.ActiveCfg = Debug|Any CPU
		{06AD4BC1-3D83-4272-B2CA-BEA74D2FA7F0}.Debug|Any CPU.Build.0 = Debug|Any CPU
		{06AD4BC1-3D83-4272-B2CA-BEA74D2FA7F0}.Release|Any CPU.ActiveCfg = Release|Any CPU
		{06AD4BC1-3D83-4272-B2CA-BEA74D2FA7F0}.Release|Any CPU.Build.0 = Release|Any CPU
		{FF969273-58F3-4C80-9C93-FB5C456C9BC2}.Debug|Any CPU.ActiveCfg = Debug|Any CPU
		{FF969273-58F3-4C80-9C93-FB5C456C9BC2}.Debug|Any CPU.Build.0 = Debug|Any CPU
		{FF969273-58F3-4C80-9C93-FB5C456C9BC2}.Release|Any CPU.ActiveCfg = Release|Any CPU
		{FF969273-58F3-4C80-9C93-FB5C456C9BC2}.Release|Any CPU.Build.0 = Release|Any CPU
		{B12257DD-ECB9-4E29-9E09-CCB271E2EA8A}.Debug|Any CPU.ActiveCfg = Debug|Any CPU
		{B12257DD-ECB9-4E29-9E09-CCB271E2EA8A}.Debug|Any CPU.Build.0 = Debug|Any CPU
		{B12257DD-ECB9-4E29-9E09-CCB271E2EA8A}.Release|Any CPU.ActiveCfg = Release|Any CPU
		{B12257DD-ECB9-4E29-9E09-CCB271E2EA8A}.Release|Any CPU.Build.0 = Release|Any CPU
		{3633532B-91D0-4908-AD21-291E4D9106A6}.Debug|Any CPU.ActiveCfg = Debug|Any CPU
		{3633532B-91D0-4908-AD21-291E4D9106A6}.Debug|Any CPU.Build.0 = Debug|Any CPU
		{3633532B-91D0-4908-AD21-291E4D9106A6}.Release|Any CPU.ActiveCfg = Release|Any CPU
		{3633532B-91D0-4908-AD21-291E4D9106A6}.Release|Any CPU.Build.0 = Release|Any CPU
		{9596F180-BC93-49A5-9BEF-C00BE2864613}.Debug|Any CPU.ActiveCfg = Debug|Any CPU
		{9596F180-BC93-49A5-9BEF-C00BE2864613}.Debug|Any CPU.Build.0 = Debug|Any CPU
		{9596F180-BC93-49A5-9BEF-C00BE2864613}.Release|Any CPU.ActiveCfg = Release|Any CPU
		{9596F180-BC93-49A5-9BEF-C00BE2864613}.Release|Any CPU.Build.0 = Release|Any CPU
		{08137259-B2F4-49FB-B70C-5FA9ECE9E07A}.Debug|Any CPU.ActiveCfg = Debug|Any CPU
		{08137259-B2F4-49FB-B70C-5FA9ECE9E07A}.Debug|Any CPU.Build.0 = Debug|Any CPU
		{08137259-B2F4-49FB-B70C-5FA9ECE9E07A}.Release|Any CPU.ActiveCfg = Release|Any CPU
		{08137259-B2F4-49FB-B70C-5FA9ECE9E07A}.Release|Any CPU.Build.0 = Release|Any CPU
		{190FDE51-FA83-40FD-8D07-4E2119870D00}.Debug|Any CPU.ActiveCfg = Debug|Any CPU
		{190FDE51-FA83-40FD-8D07-4E2119870D00}.Debug|Any CPU.Build.0 = Debug|Any CPU
		{190FDE51-FA83-40FD-8D07-4E2119870D00}.Release|Any CPU.ActiveCfg = Release|Any CPU
		{190FDE51-FA83-40FD-8D07-4E2119870D00}.Release|Any CPU.Build.0 = Release|Any CPU
		{63DBDCF8-6179-4ED9-93B7-0EB661F4D166}.Debug|Any CPU.ActiveCfg = Debug|Any CPU
		{63DBDCF8-6179-4ED9-93B7-0EB661F4D166}.Debug|Any CPU.Build.0 = Debug|Any CPU
		{63DBDCF8-6179-4ED9-93B7-0EB661F4D166}.Release|Any CPU.ActiveCfg = Release|Any CPU
		{63DBDCF8-6179-4ED9-93B7-0EB661F4D166}.Release|Any CPU.Build.0 = Release|Any CPU
		{0793333A-C6CF-4B65-AFE1-1187C51EA954}.Debug|Any CPU.ActiveCfg = Debug|Any CPU
		{0793333A-C6CF-4B65-AFE1-1187C51EA954}.Debug|Any CPU.Build.0 = Debug|Any CPU
		{0793333A-C6CF-4B65-AFE1-1187C51EA954}.Release|Any CPU.ActiveCfg = Release|Any CPU
		{0793333A-C6CF-4B65-AFE1-1187C51EA954}.Release|Any CPU.Build.0 = Release|Any CPU
		{F878E6FA-9460-46FF-9EDE-1878A5163EC5}.Debug|Any CPU.ActiveCfg = Debug|Any CPU
		{F878E6FA-9460-46FF-9EDE-1878A5163EC5}.Debug|Any CPU.Build.0 = Debug|Any CPU
		{F878E6FA-9460-46FF-9EDE-1878A5163EC5}.Release|Any CPU.ActiveCfg = Release|Any CPU
		{F878E6FA-9460-46FF-9EDE-1878A5163EC5}.Release|Any CPU.Build.0 = Release|Any CPU
		{259B4676-4EFA-461D-B727-2E9FD01AD904}.Debug|Any CPU.ActiveCfg = Debug|Any CPU
		{259B4676-4EFA-461D-B727-2E9FD01AD904}.Debug|Any CPU.Build.0 = Debug|Any CPU
		{259B4676-4EFA-461D-B727-2E9FD01AD904}.Release|Any CPU.ActiveCfg = Release|Any CPU
		{259B4676-4EFA-461D-B727-2E9FD01AD904}.Release|Any CPU.Build.0 = Release|Any CPU
		{6ECA29B2-5C36-4B88-99D7-21B0B0D9B3FA}.Debug|Any CPU.ActiveCfg = Debug|Any CPU
		{6ECA29B2-5C36-4B88-99D7-21B0B0D9B3FA}.Debug|Any CPU.Build.0 = Debug|Any CPU
		{6ECA29B2-5C36-4B88-99D7-21B0B0D9B3FA}.Release|Any CPU.ActiveCfg = Release|Any CPU
		{6ECA29B2-5C36-4B88-99D7-21B0B0D9B3FA}.Release|Any CPU.Build.0 = Release|Any CPU
		{E362C37C-9C24-46B5-BEA0-1EAD2F3A8535}.Debug|Any CPU.ActiveCfg = Debug|Any CPU
		{E362C37C-9C24-46B5-BEA0-1EAD2F3A8535}.Debug|Any CPU.Build.0 = Debug|Any CPU
		{E362C37C-9C24-46B5-BEA0-1EAD2F3A8535}.Release|Any CPU.ActiveCfg = Release|Any CPU
		{E362C37C-9C24-46B5-BEA0-1EAD2F3A8535}.Release|Any CPU.Build.0 = Release|Any CPU
		{1EC8134E-12A2-4EEB-83F7-A128164E15E7}.Debug|Any CPU.ActiveCfg = Debug|Any CPU
		{1EC8134E-12A2-4EEB-83F7-A128164E15E7}.Debug|Any CPU.Build.0 = Debug|Any CPU
		{1EC8134E-12A2-4EEB-83F7-A128164E15E7}.Release|Any CPU.ActiveCfg = Release|Any CPU
		{1EC8134E-12A2-4EEB-83F7-A128164E15E7}.Release|Any CPU.Build.0 = Release|Any CPU
		{D8E3F5C6-7A3B-4BDF-9D90-DE6867EAEB22}.Debug|Any CPU.ActiveCfg = Debug|Any CPU
		{D8E3F5C6-7A3B-4BDF-9D90-DE6867EAEB22}.Debug|Any CPU.Build.0 = Debug|Any CPU
		{D8E3F5C6-7A3B-4BDF-9D90-DE6867EAEB22}.Release|Any CPU.ActiveCfg = Release|Any CPU
		{D8E3F5C6-7A3B-4BDF-9D90-DE6867EAEB22}.Release|Any CPU.Build.0 = Release|Any CPU
		{7D6C8FF7-A8C4-48BE-BB41-AEBD3D30406C}.Debug|Any CPU.ActiveCfg = Debug|Any CPU
		{7D6C8FF7-A8C4-48BE-BB41-AEBD3D30406C}.Debug|Any CPU.Build.0 = Debug|Any CPU
		{7D6C8FF7-A8C4-48BE-BB41-AEBD3D30406C}.Release|Any CPU.ActiveCfg = Release|Any CPU
		{7D6C8FF7-A8C4-48BE-BB41-AEBD3D30406C}.Release|Any CPU.Build.0 = Release|Any CPU
		{998D3762-0AF4-4ABF-807A-ED210BB6D1DF}.Debug|Any CPU.ActiveCfg = Debug|Any CPU
		{998D3762-0AF4-4ABF-807A-ED210BB6D1DF}.Debug|Any CPU.Build.0 = Debug|Any CPU
		{998D3762-0AF4-4ABF-807A-ED210BB6D1DF}.Release|Any CPU.ActiveCfg = Release|Any CPU
		{998D3762-0AF4-4ABF-807A-ED210BB6D1DF}.Release|Any CPU.Build.0 = Release|Any CPU
	EndGlobalSection
	GlobalSection(NestedProjects) = preSolution
		{FF969273-58F3-4C80-9C93-FB5C456C9BC2} = {680AD23C-CA3D-45C9-8EDC-27DBA0813A05}
		{9596F180-BC93-49A5-9BEF-C00BE2864613} = {0318C5EA-A6C7-4A42-9386-B4A83B48C76A}
		{08137259-B2F4-49FB-B70C-5FA9ECE9E07A} = {680AD23C-CA3D-45C9-8EDC-27DBA0813A05}
		{190FDE51-FA83-40FD-8D07-4E2119870D00} = {580AF6E1-3AEE-47EC-85E6-64F358795AC9}
		{63DBDCF8-6179-4ED9-93B7-0EB661F4D166} = {680AD23C-CA3D-45C9-8EDC-27DBA0813A05}
		{0793333A-C6CF-4B65-AFE1-1187C51EA954} = {680AD23C-CA3D-45C9-8EDC-27DBA0813A05}
		{F878E6FA-9460-46FF-9EDE-1878A5163EC5} = {680AD23C-CA3D-45C9-8EDC-27DBA0813A05}
		{259B4676-4EFA-461D-B727-2E9FD01AD904} = {580AF6E1-3AEE-47EC-85E6-64F358795AC9}
		{3633532B-91D0-4908-AD21-291E4D9106A6} = {580AF6E1-3AEE-47EC-85E6-64F358795AC9}
		{6ECA29B2-5C36-4B88-99D7-21B0B0D9B3FA} = {680AD23C-CA3D-45C9-8EDC-27DBA0813A05}
		{E362C37C-9C24-46B5-BEA0-1EAD2F3A8535} = {680AD23C-CA3D-45C9-8EDC-27DBA0813A05}
		{1EC8134E-12A2-4EEB-83F7-A128164E15E7} = {DE18D2EC-8796-45EC-84C3-EA8D7A0E27C4}
		{998D3762-0AF4-4ABF-807A-ED210BB6D1DF} = {DE18D2EC-8796-45EC-84C3-EA8D7A0E27C4}
	EndGlobalSection
EndGlobal
