
Microsoft Visual Studio Solution File, Format Version 12.00
Project("{2150E333-8FDC-42A3-9474-1A3956D46DE8}") = "src", "src", "{E917773F-87C9-461A-8EF9-50A2D4B2D141}"
EndProject
Project("{2150E333-8FDC-42A3-9474-1A3956D46DE8}") = "Services", "Services", "{FF9E3BCC-102B-4EB6-B1AC-5EA325450989}"
EndProject
Project("{2150E333-8FDC-42A3-9474-1A3956D46DE8}") = "BuildingBlocks", "BuildingBlocks", "{E5BDFCA8-8A78-4B8E-83B0-BCF087DD0D86}"
EndProject
Project("{2150E333-8FDC-42A3-9474-1A3956D46DE8}") = "deploy", "deploy", "{5C3BD9C4-9F77-4758-B401-F1335C5F2AF9}"
EndProject
Project("{FAE04EC0-301F-11D3-BF4B-00C04F79EFBC}") = "AlgoTecture.ApiGateway", "AlgoTecture.ApiGateway\AlgoTecture.ApiGateway.csproj", "{C12DD50F-87FE-4D34-A1FE-09AE58078E5C}"
EndProject
Project("{FAE04EC0-301F-11D3-BF4B-00C04F79EFBC}") = "AlgoTecture.Identity.Api", "AlgoTecture.Identity.Api\AlgoTecture.Identity.Api.csproj", "{E0823CBF-53D2-4F23-8AF2-F2C13353BA23}"
EndProject
Project("{2150E333-8FDC-42A3-9474-1A3956D46DE8}") = "Identity", "Identity", "{2815E6F1-D2F8-48DC-99FF-CE1F564E57F1}"
EndProject
Project("{2150E333-8FDC-42A3-9474-1A3956D46DE8}") = "User", "User", "{CD8FA31D-A9DD-4EE9-A593-2AD931D16BFF}"
EndProject
Project("{FAE04EC0-301F-11D3-BF4B-00C04F79EFBC}") = "AlgoTecture.Identity.Application", "AlgoTecture.Identity.Application\AlgoTecture.Identity.Application.csproj", "{EB41781E-71A6-466C-AF04-E7F0434FC344}"
EndProject
Project("{FAE04EC0-301F-11D3-BF4B-00C04F79EFBC}") = "AlgoTecture.Identity.Domain", "AlgoTecture.Identity.Domain\AlgoTecture.Identity.Domain.csproj", "{40AD19FF-C64D-4B41-8CA8-D6C650B45B85}"
EndProject
Project("{2150E333-8FDC-42A3-9474-1A3956D46DE8}") = "Contracts", "Contracts", "{C95AACF2-C2DF-42E4-9376-544F8944AE92}"
EndProject
Project("{FAE04EC0-301F-11D3-BF4B-00C04F79EFBC}") = "AlgoTecture.Shared.Contracts", "AlgoTecture.Shared.Contracts\AlgoTecture.Shared.Contracts.csproj", "{FB534345-80EB-43CB-99ED-4D5B6E116A9E}"
EndProject
Project("{FAE04EC0-301F-11D3-BF4B-00C04F79EFBC}") = "AlgoTecture.User.Contracts", "AlgoTecture.User.Contracts\AlgoTecture.User.Contracts.csproj", "{8B7CCF03-8DB3-4373-AEB4-D40FE29B60DD}"
EndProject
Project("{FAE04EC0-301F-11D3-BF4B-00C04F79EFBC}") = "AlgoTecture.Identity.Contracts", "AlgoTecture.Identity.Contracts\AlgoTecture.Identity.Contracts.csproj", "{A5ED1183-A8CF-4CF3-9E7E-F9ADF0F9A53B}"
EndProject
Project("{FAE04EC0-301F-11D3-BF4B-00C04F79EFBC}") = "AlgoTecture.Identity.Infrastructure", "AlgoTecture.Identity.Infrastructure\AlgoTecture.Identity.Infrastructure.csproj", "{0D8A862E-3166-4267-BE62-50E9ABD449C8}"
EndProject
Project("{FAE04EC0-301F-11D3-BF4B-00C04F79EFBC}") = "AlgoTecture.Identity.Infrastructure.DbMigrator", "AlgoTecture.Identity.Infrastructure.DbMigrator\AlgoTecture.Identity.Infrastructure.DbMigrator.csproj", "{B8151D52-63BA-4B86-98CC-A1D64F9041C2}"
EndProject
Project("{2150E333-8FDC-42A3-9474-1A3956D46DE8}") = "tests", "tests", "{59F57283-AB7D-4BE2-AC3C-19CD0CC3B12A}"
EndProject
Project("{FAE04EC0-301F-11D3-BF4B-00C04F79EFBC}") = "AlgoTecture.Identity.Tests", "AlgoTecture.Identity.Tests\AlgoTecture.Identity.Tests.csproj", "{D3C8882B-F976-4421-8E2A-35757FC56F5A}"
EndProject
Project("{FAE04EC0-301F-11D3-BF4B-00C04F79EFBC}") = "AlgoTecture.User.Api", "AlgoTecture.User.Api\AlgoTecture.User.Api.csproj", "{C45B1FB8-A0D0-4C32-9E07-5F942EFB8B98}"
EndProject
Project("{FAE04EC0-301F-11D3-BF4B-00C04F79EFBC}") = "AlgoTecture.User.Application", "AlgoTecture.User.Application\AlgoTecture.User.Application.csproj", "{EC22D051-E4A2-4B1A-A206-772AD7989A39}"
EndProject
Project("{FAE04EC0-301F-11D3-BF4B-00C04F79EFBC}") = "AlgoTecture.User.Domain", "AlgoTecture.User.Domain\AlgoTecture.User.Domain.csproj", "{3A15CDE3-6D42-48CD-909D-83737C277819}"
EndProject
Project("{FAE04EC0-301F-11D3-BF4B-00C04F79EFBC}") = "AlgoTecture.User.Infrastructure", "AlgoTecture.User.Infrastructure\AlgoTecture.User.Infrastructure.csproj", "{912095C3-5AEC-44F9-BDAE-7012C442EA17}"
EndProject
Project("{FAE04EC0-301F-11D3-BF4B-00C04F79EFBC}") = "AlgoTecture.User.Infrastructure.DbMigrator", "AlgoTecture.User.Infrastructure.DbMigrator\AlgoTecture.User.Infrastructure.DbMigrator.csproj", "{EEB9C5D0-4BEE-403D-875E-2FC70B2915E0}"
EndProject
Project("{2150E333-8FDC-42A3-9474-1A3956D46DE8}") = "Space", "Space", "{D6DB7F4E-13A6-489B-8E68-7E2C6B4CFC9D}"
EndProject
Project("{FAE04EC0-301F-11D3-BF4B-00C04F79EFBC}") = "AlgoTecture.Space.Api", "AlgoTecture.Space.Api\AlgoTecture.Space.Api.csproj", "{BB50FF98-7D4D-4922-8B43-44C5B1F926D5}"
EndProject
Project("{FAE04EC0-301F-11D3-BF4B-00C04F79EFBC}") = "AlgoTecture.Space.Application", "AlgoTecture.Space.Application\AlgoTecture.Space.Application.csproj", "{AFC5947E-75A1-48F6-B7A4-1C4324DB2216}"
EndProject
Project("{FAE04EC0-301F-11D3-BF4B-00C04F79EFBC}") = "AlgoTecture.Space.Domain", "AlgoTecture.Space.Domain\AlgoTecture.Space.Domain.csproj", "{41A3D700-910C-4235-819E-DDB6B8B1CECC}"
EndProject
Project("{FAE04EC0-301F-11D3-BF4B-00C04F79EFBC}") = "AlgoTecture.Space.Infrastructure", "AlgoTecture.Space.Infrastructure\AlgoTecture.Space.Infrastructure.csproj", "{2902D39F-49E6-46DC-944E-937DF4179963}"
EndProject
Project("{FAE04EC0-301F-11D3-BF4B-00C04F79EFBC}") = "AlgoTecture.Space.Contracts", "AlgoTecture.Space.Contracts\AlgoTecture.Space.Contracts.csproj", "{36042A4A-8D09-4783-B56D-B464C2EC0640}"
EndProject
Project("{FAE04EC0-301F-11D3-BF4B-00C04F79EFBC}") = "AlgoTecture.GeoAdminSearch", "AlgoTecture.GeoAdminSearch\AlgoTecture.GeoAdminSearch.csproj", "{B240B026-1097-46FE-8E9F-CD64D5B1DA66}"
EndProject
Project("{FAE04EC0-301F-11D3-BF4B-00C04F79EFBC}") = "AlgoTecture.HttpClient", "AlgoTecture.HttpClient\AlgoTecture.HttpClient.csproj", "{54F3D81D-CEA0-4F76-9728-092ED1964ED4}"
EndProject
Project("{FAE04EC0-301F-11D3-BF4B-00C04F79EFBC}") = "AlgoTecture.Space.Infrastructure.DbMigrator", "AlgoTecture.Space.Infrastructure.DbMigrator\AlgoTecture.Space.Infrastructure.DbMigrator.csproj", "{47C0E117-6DA8-417E-8C61-0EE319FE52A2}"
EndProject
Project("{FAE04EC0-301F-11D3-BF4B-00C04F79EFBC}") = "AlgoTecture.Space.Tests", "AlgoTecture.Space.Tests\AlgoTecture.Space.Tests.csproj", "{9CDC3DF5-F1BC-43A8-847C-C44D0BB8E684}"
EndProject
Project("{2150E333-8FDC-42A3-9474-1A3956D46DE8}") = "TelegramBot", "TelegramBot", "{9D73D590-A80D-4249-8905-B29DEE2E5FE9}"
EndProject
Project("{FAE04EC0-301F-11D3-BF4B-00C04F79EFBC}") = "AlgoTecture.TelegramBot.Api", "AlgoTecture.TelegramBot.Api\AlgoTecture.TelegramBot.Api.csproj", "{DACC01BD-B27A-4B64-8EBE-5F14D14DFCB7}"
EndProject
Project("{FAE04EC0-301F-11D3-BF4B-00C04F79EFBC}") = "AlgoTecture.TelegramBot.Application", "AlgoTecture.TelegramBot.Application\AlgoTecture.TelegramBot.Application.csproj", "{70A610B4-7DFC-4793-8AEA-B1EC5651DBCF}"
EndProject
Project("{FAE04EC0-301F-11D3-BF4B-00C04F79EFBC}") = "AlgoTecture.TelegramBot.Domain", "AlgoTecture.TelegramBot.Domain\AlgoTecture.TelegramBot.Domain.csproj", "{C6A24250-4E61-4763-8E79-3DA0C7BDD1F9}"
EndProject
Project("{FAE04EC0-301F-11D3-BF4B-00C04F79EFBC}") = "AlgoTecture.TelegramBot.Infrastructure", "AlgoTecture.TelegramBot.Infrastructure\AlgoTecture.TelegramBot.Infrastructure.csproj", "{F8EA86F2-0240-4044-AD45-CB52649D1A6A}"
EndProject
Project("{FAE04EC0-301F-11D3-BF4B-00C04F79EFBC}") = "AlgoTecture.TelegramBot.Infrastructure.DbMigrator", "AlgoTecture.TelegramBot.Infrastructure.DbMigrator\AlgoTecture.TelegramBot.Infrastructure.DbMigrator.csproj", "{99773860-796B-43C6-9548-5C4A10605C2A}"
EndProject
Project("{FAE04EC0-301F-11D3-BF4B-00C04F79EFBC}") = "AlgoTecturer.TelegramBot.Contracts", "AlgoTecturer.TelegramBot.Contracts\AlgoTecturer.TelegramBot.Contracts.csproj", "{7FA803B0-939F-45CC-AB83-D58AB0A8742E}"
EndProject
Project("{FAE04EC0-301F-11D3-BF4B-00C04F79EFBC}") = "AlgoTecture.TelegramBot.Tests", "AlgoTecture.TelegramBot.Tests\AlgoTecture.TelegramBot.Tests.csproj", "{9F58411B-A3EF-4AEB-A5F3-D9D1702D2C2A}"
EndProject
Project("{FAE04EC0-301F-11D3-BF4B-00C04F79EFBC}") = "AlgoTecture.Space.Providers", "AlgoTecture.Space.Providers\AlgoTecture.Space.Providers.csproj", "{69E35B19-8628-45F8-89AC-9D70DB0643AB}"
EndProject
Global
	GlobalSection(SolutionConfigurationPlatforms) = preSolution
		Debug|Any CPU = Debug|Any CPU
		Release|Any CPU = Release|Any CPU
	EndGlobalSection
	GlobalSection(ProjectConfigurationPlatforms) = postSolution
		{C12DD50F-87FE-4D34-A1FE-09AE58078E5C}.Debug|Any CPU.ActiveCfg = Debug|Any CPU
		{C12DD50F-87FE-4D34-A1FE-09AE58078E5C}.Debug|Any CPU.Build.0 = Debug|Any CPU
		{C12DD50F-87FE-4D34-A1FE-09AE58078E5C}.Release|Any CPU.ActiveCfg = Release|Any CPU
		{C12DD50F-87FE-4D34-A1FE-09AE58078E5C}.Release|Any CPU.Build.0 = Release|Any CPU
		{E0823CBF-53D2-4F23-8AF2-F2C13353BA23}.Debug|Any CPU.ActiveCfg = Debug|Any CPU
		{E0823CBF-53D2-4F23-8AF2-F2C13353BA23}.Debug|Any CPU.Build.0 = Debug|Any CPU
		{E0823CBF-53D2-4F23-8AF2-F2C13353BA23}.Release|Any CPU.ActiveCfg = Release|Any CPU
		{E0823CBF-53D2-4F23-8AF2-F2C13353BA23}.Release|Any CPU.Build.0 = Release|Any CPU
		{EB41781E-71A6-466C-AF04-E7F0434FC344}.Debug|Any CPU.ActiveCfg = Debug|Any CPU
		{EB41781E-71A6-466C-AF04-E7F0434FC344}.Debug|Any CPU.Build.0 = Debug|Any CPU
		{EB41781E-71A6-466C-AF04-E7F0434FC344}.Release|Any CPU.ActiveCfg = Release|Any CPU
		{EB41781E-71A6-466C-AF04-E7F0434FC344}.Release|Any CPU.Build.0 = Release|Any CPU
		{40AD19FF-C64D-4B41-8CA8-D6C650B45B85}.Debug|Any CPU.ActiveCfg = Debug|Any CPU
		{40AD19FF-C64D-4B41-8CA8-D6C650B45B85}.Debug|Any CPU.Build.0 = Debug|Any CPU
		{40AD19FF-C64D-4B41-8CA8-D6C650B45B85}.Release|Any CPU.ActiveCfg = Release|Any CPU
		{40AD19FF-C64D-4B41-8CA8-D6C650B45B85}.Release|Any CPU.Build.0 = Release|Any CPU
		{FB534345-80EB-43CB-99ED-4D5B6E116A9E}.Debug|Any CPU.ActiveCfg = Debug|Any CPU
		{FB534345-80EB-43CB-99ED-4D5B6E116A9E}.Debug|Any CPU.Build.0 = Debug|Any CPU
		{FB534345-80EB-43CB-99ED-4D5B6E116A9E}.Release|Any CPU.ActiveCfg = Release|Any CPU
		{FB534345-80EB-43CB-99ED-4D5B6E116A9E}.Release|Any CPU.Build.0 = Release|Any CPU
		{8B7CCF03-8DB3-4373-AEB4-D40FE29B60DD}.Debug|Any CPU.ActiveCfg = Debug|Any CPU
		{8B7CCF03-8DB3-4373-AEB4-D40FE29B60DD}.Debug|Any CPU.Build.0 = Debug|Any CPU
		{8B7CCF03-8DB3-4373-AEB4-D40FE29B60DD}.Release|Any CPU.ActiveCfg = Release|Any CPU
		{8B7CCF03-8DB3-4373-AEB4-D40FE29B60DD}.Release|Any CPU.Build.0 = Release|Any CPU
		{A5ED1183-A8CF-4CF3-9E7E-F9ADF0F9A53B}.Debug|Any CPU.ActiveCfg = Debug|Any CPU
		{A5ED1183-A8CF-4CF3-9E7E-F9ADF0F9A53B}.Debug|Any CPU.Build.0 = Debug|Any CPU
		{A5ED1183-A8CF-4CF3-9E7E-F9ADF0F9A53B}.Release|Any CPU.ActiveCfg = Release|Any CPU
		{A5ED1183-A8CF-4CF3-9E7E-F9ADF0F9A53B}.Release|Any CPU.Build.0 = Release|Any CPU
		{0D8A862E-3166-4267-BE62-50E9ABD449C8}.Debug|Any CPU.ActiveCfg = Debug|Any CPU
		{0D8A862E-3166-4267-BE62-50E9ABD449C8}.Debug|Any CPU.Build.0 = Debug|Any CPU
		{0D8A862E-3166-4267-BE62-50E9ABD449C8}.Release|Any CPU.ActiveCfg = Release|Any CPU
		{0D8A862E-3166-4267-BE62-50E9ABD449C8}.Release|Any CPU.Build.0 = Release|Any CPU
		{B8151D52-63BA-4B86-98CC-A1D64F9041C2}.Debug|Any CPU.ActiveCfg = Debug|Any CPU
		{B8151D52-63BA-4B86-98CC-A1D64F9041C2}.Debug|Any CPU.Build.0 = Debug|Any CPU
		{B8151D52-63BA-4B86-98CC-A1D64F9041C2}.Release|Any CPU.ActiveCfg = Release|Any CPU
		{B8151D52-63BA-4B86-98CC-A1D64F9041C2}.Release|Any CPU.Build.0 = Release|Any CPU
		{D3C8882B-F976-4421-8E2A-35757FC56F5A}.Debug|Any CPU.ActiveCfg = Debug|Any CPU
		{D3C8882B-F976-4421-8E2A-35757FC56F5A}.Debug|Any CPU.Build.0 = Debug|Any CPU
		{D3C8882B-F976-4421-8E2A-35757FC56F5A}.Release|Any CPU.ActiveCfg = Release|Any CPU
		{D3C8882B-F976-4421-8E2A-35757FC56F5A}.Release|Any CPU.Build.0 = Release|Any CPU
		{C45B1FB8-A0D0-4C32-9E07-5F942EFB8B98}.Debug|Any CPU.ActiveCfg = Debug|Any CPU
		{C45B1FB8-A0D0-4C32-9E07-5F942EFB8B98}.Debug|Any CPU.Build.0 = Debug|Any CPU
		{C45B1FB8-A0D0-4C32-9E07-5F942EFB8B98}.Release|Any CPU.ActiveCfg = Release|Any CPU
		{C45B1FB8-A0D0-4C32-9E07-5F942EFB8B98}.Release|Any CPU.Build.0 = Release|Any CPU
		{EC22D051-E4A2-4B1A-A206-772AD7989A39}.Debug|Any CPU.ActiveCfg = Debug|Any CPU
		{EC22D051-E4A2-4B1A-A206-772AD7989A39}.Debug|Any CPU.Build.0 = Debug|Any CPU
		{EC22D051-E4A2-4B1A-A206-772AD7989A39}.Release|Any CPU.ActiveCfg = Release|Any CPU
		{EC22D051-E4A2-4B1A-A206-772AD7989A39}.Release|Any CPU.Build.0 = Release|Any CPU
		{3A15CDE3-6D42-48CD-909D-83737C277819}.Debug|Any CPU.ActiveCfg = Debug|Any CPU
		{3A15CDE3-6D42-48CD-909D-83737C277819}.Debug|Any CPU.Build.0 = Debug|Any CPU
		{3A15CDE3-6D42-48CD-909D-83737C277819}.Release|Any CPU.ActiveCfg = Release|Any CPU
		{3A15CDE3-6D42-48CD-909D-83737C277819}.Release|Any CPU.Build.0 = Release|Any CPU
		{912095C3-5AEC-44F9-BDAE-7012C442EA17}.Debug|Any CPU.ActiveCfg = Debug|Any CPU
		{912095C3-5AEC-44F9-BDAE-7012C442EA17}.Debug|Any CPU.Build.0 = Debug|Any CPU
		{912095C3-5AEC-44F9-BDAE-7012C442EA17}.Release|Any CPU.ActiveCfg = Release|Any CPU
		{912095C3-5AEC-44F9-BDAE-7012C442EA17}.Release|Any CPU.Build.0 = Release|Any CPU
		{EEB9C5D0-4BEE-403D-875E-2FC70B2915E0}.Debug|Any CPU.ActiveCfg = Debug|Any CPU
		{EEB9C5D0-4BEE-403D-875E-2FC70B2915E0}.Debug|Any CPU.Build.0 = Debug|Any CPU
		{EEB9C5D0-4BEE-403D-875E-2FC70B2915E0}.Release|Any CPU.ActiveCfg = Release|Any CPU
		{EEB9C5D0-4BEE-403D-875E-2FC70B2915E0}.Release|Any CPU.Build.0 = Release|Any CPU
		{BB50FF98-7D4D-4922-8B43-44C5B1F926D5}.Debug|Any CPU.ActiveCfg = Debug|Any CPU
		{BB50FF98-7D4D-4922-8B43-44C5B1F926D5}.Debug|Any CPU.Build.0 = Debug|Any CPU
		{BB50FF98-7D4D-4922-8B43-44C5B1F926D5}.Release|Any CPU.ActiveCfg = Release|Any CPU
		{BB50FF98-7D4D-4922-8B43-44C5B1F926D5}.Release|Any CPU.Build.0 = Release|Any CPU
		{AFC5947E-75A1-48F6-B7A4-1C4324DB2216}.Debug|Any CPU.ActiveCfg = Debug|Any CPU
		{AFC5947E-75A1-48F6-B7A4-1C4324DB2216}.Debug|Any CPU.Build.0 = Debug|Any CPU
		{AFC5947E-75A1-48F6-B7A4-1C4324DB2216}.Release|Any CPU.ActiveCfg = Release|Any CPU
		{AFC5947E-75A1-48F6-B7A4-1C4324DB2216}.Release|Any CPU.Build.0 = Release|Any CPU
		{41A3D700-910C-4235-819E-DDB6B8B1CECC}.Debug|Any CPU.ActiveCfg = Debug|Any CPU
		{41A3D700-910C-4235-819E-DDB6B8B1CECC}.Debug|Any CPU.Build.0 = Debug|Any CPU
		{41A3D700-910C-4235-819E-DDB6B8B1CECC}.Release|Any CPU.ActiveCfg = Release|Any CPU
		{41A3D700-910C-4235-819E-DDB6B8B1CECC}.Release|Any CPU.Build.0 = Release|Any CPU
		{2902D39F-49E6-46DC-944E-937DF4179963}.Debug|Any CPU.ActiveCfg = Debug|Any CPU
		{2902D39F-49E6-46DC-944E-937DF4179963}.Debug|Any CPU.Build.0 = Debug|Any CPU
		{2902D39F-49E6-46DC-944E-937DF4179963}.Release|Any CPU.ActiveCfg = Release|Any CPU
		{2902D39F-49E6-46DC-944E-937DF4179963}.Release|Any CPU.Build.0 = Release|Any CPU
		{36042A4A-8D09-4783-B56D-B464C2EC0640}.Debug|Any CPU.ActiveCfg = Debug|Any CPU
		{36042A4A-8D09-4783-B56D-B464C2EC0640}.Debug|Any CPU.Build.0 = Debug|Any CPU
		{36042A4A-8D09-4783-B56D-B464C2EC0640}.Release|Any CPU.ActiveCfg = Release|Any CPU
		{36042A4A-8D09-4783-B56D-B464C2EC0640}.Release|Any CPU.Build.0 = Release|Any CPU
		{B240B026-1097-46FE-8E9F-CD64D5B1DA66}.Debug|Any CPU.ActiveCfg = Debug|Any CPU
		{B240B026-1097-46FE-8E9F-CD64D5B1DA66}.Debug|Any CPU.Build.0 = Debug|Any CPU
		{B240B026-1097-46FE-8E9F-CD64D5B1DA66}.Release|Any CPU.ActiveCfg = Release|Any CPU
		{B240B026-1097-46FE-8E9F-CD64D5B1DA66}.Release|Any CPU.Build.0 = Release|Any CPU
		{54F3D81D-CEA0-4F76-9728-092ED1964ED4}.Debug|Any CPU.ActiveCfg = Debug|Any CPU
		{54F3D81D-CEA0-4F76-9728-092ED1964ED4}.Debug|Any CPU.Build.0 = Debug|Any CPU
		{54F3D81D-CEA0-4F76-9728-092ED1964ED4}.Release|Any CPU.ActiveCfg = Release|Any CPU
		{54F3D81D-CEA0-4F76-9728-092ED1964ED4}.Release|Any CPU.Build.0 = Release|Any CPU
		{47C0E117-6DA8-417E-8C61-0EE319FE52A2}.Debug|Any CPU.ActiveCfg = Debug|Any CPU
		{47C0E117-6DA8-417E-8C61-0EE319FE52A2}.Debug|Any CPU.Build.0 = Debug|Any CPU
		{47C0E117-6DA8-417E-8C61-0EE319FE52A2}.Release|Any CPU.ActiveCfg = Release|Any CPU
		{47C0E117-6DA8-417E-8C61-0EE319FE52A2}.Release|Any CPU.Build.0 = Release|Any CPU
		{9CDC3DF5-F1BC-43A8-847C-C44D0BB8E684}.Debug|Any CPU.ActiveCfg = Debug|Any CPU
		{9CDC3DF5-F1BC-43A8-847C-C44D0BB8E684}.Debug|Any CPU.Build.0 = Debug|Any CPU
		{9CDC3DF5-F1BC-43A8-847C-C44D0BB8E684}.Release|Any CPU.ActiveCfg = Release|Any CPU
		{9CDC3DF5-F1BC-43A8-847C-C44D0BB8E684}.Release|Any CPU.Build.0 = Release|Any CPU
		{DACC01BD-B27A-4B64-8EBE-5F14D14DFCB7}.Debug|Any CPU.ActiveCfg = Debug|Any CPU
		{DACC01BD-B27A-4B64-8EBE-5F14D14DFCB7}.Debug|Any CPU.Build.0 = Debug|Any CPU
		{DACC01BD-B27A-4B64-8EBE-5F14D14DFCB7}.Release|Any CPU.ActiveCfg = Release|Any CPU
		{DACC01BD-B27A-4B64-8EBE-5F14D14DFCB7}.Release|Any CPU.Build.0 = Release|Any CPU
		{70A610B4-7DFC-4793-8AEA-B1EC5651DBCF}.Debug|Any CPU.ActiveCfg = Debug|Any CPU
		{70A610B4-7DFC-4793-8AEA-B1EC5651DBCF}.Debug|Any CPU.Build.0 = Debug|Any CPU
		{70A610B4-7DFC-4793-8AEA-B1EC5651DBCF}.Release|Any CPU.ActiveCfg = Release|Any CPU
		{70A610B4-7DFC-4793-8AEA-B1EC5651DBCF}.Release|Any CPU.Build.0 = Release|Any CPU
		{C6A24250-4E61-4763-8E79-3DA0C7BDD1F9}.Debug|Any CPU.ActiveCfg = Debug|Any CPU
		{C6A24250-4E61-4763-8E79-3DA0C7BDD1F9}.Debug|Any CPU.Build.0 = Debug|Any CPU
		{C6A24250-4E61-4763-8E79-3DA0C7BDD1F9}.Release|Any CPU.ActiveCfg = Release|Any CPU
		{C6A24250-4E61-4763-8E79-3DA0C7BDD1F9}.Release|Any CPU.Build.0 = Release|Any CPU
		{F8EA86F2-0240-4044-AD45-CB52649D1A6A}.Debug|Any CPU.ActiveCfg = Debug|Any CPU
		{F8EA86F2-0240-4044-AD45-CB52649D1A6A}.Debug|Any CPU.Build.0 = Debug|Any CPU
		{F8EA86F2-0240-4044-AD45-CB52649D1A6A}.Release|Any CPU.ActiveCfg = Release|Any CPU
		{F8EA86F2-0240-4044-AD45-CB52649D1A6A}.Release|Any CPU.Build.0 = Release|Any CPU
		{99773860-796B-43C6-9548-5C4A10605C2A}.Debug|Any CPU.ActiveCfg = Debug|Any CPU
		{99773860-796B-43C6-9548-5C4A10605C2A}.Debug|Any CPU.Build.0 = Debug|Any CPU
		{99773860-796B-43C6-9548-5C4A10605C2A}.Release|Any CPU.ActiveCfg = Release|Any CPU
		{99773860-796B-43C6-9548-5C4A10605C2A}.Release|Any CPU.Build.0 = Release|Any CPU
		{7FA803B0-939F-45CC-AB83-D58AB0A8742E}.Debug|Any CPU.ActiveCfg = Debug|Any CPU
		{7FA803B0-939F-45CC-AB83-D58AB0A8742E}.Debug|Any CPU.Build.0 = Debug|Any CPU
		{7FA803B0-939F-45CC-AB83-D58AB0A8742E}.Release|Any CPU.ActiveCfg = Release|Any CPU
		{7FA803B0-939F-45CC-AB83-D58AB0A8742E}.Release|Any CPU.Build.0 = Release|Any CPU
		{9F58411B-A3EF-4AEB-A5F3-D9D1702D2C2A}.Debug|Any CPU.ActiveCfg = Debug|Any CPU
		{9F58411B-A3EF-4AEB-A5F3-D9D1702D2C2A}.Debug|Any CPU.Build.0 = Debug|Any CPU
		{9F58411B-A3EF-4AEB-A5F3-D9D1702D2C2A}.Release|Any CPU.ActiveCfg = Release|Any CPU
		{9F58411B-A3EF-4AEB-A5F3-D9D1702D2C2A}.Release|Any CPU.Build.0 = Release|Any CPU
		{69E35B19-8628-45F8-89AC-9D70DB0643AB}.Debug|Any CPU.ActiveCfg = Debug|Any CPU
		{69E35B19-8628-45F8-89AC-9D70DB0643AB}.Debug|Any CPU.Build.0 = Debug|Any CPU
		{69E35B19-8628-45F8-89AC-9D70DB0643AB}.Release|Any CPU.ActiveCfg = Release|Any CPU
		{69E35B19-8628-45F8-89AC-9D70DB0643AB}.Release|Any CPU.Build.0 = Release|Any CPU
	EndGlobalSection
	GlobalSection(NestedProjects) = preSolution
		{FF9E3BCC-102B-4EB6-B1AC-5EA325450989} = {E917773F-87C9-461A-8EF9-50A2D4B2D141}
		{E5BDFCA8-8A78-4B8E-83B0-BCF087DD0D86} = {E917773F-87C9-461A-8EF9-50A2D4B2D141}
		{C12DD50F-87FE-4D34-A1FE-09AE58078E5C} = {E917773F-87C9-461A-8EF9-50A2D4B2D141}
		{2815E6F1-D2F8-48DC-99FF-CE1F564E57F1} = {FF9E3BCC-102B-4EB6-B1AC-5EA325450989}
		{CD8FA31D-A9DD-4EE9-A593-2AD931D16BFF} = {FF9E3BCC-102B-4EB6-B1AC-5EA325450989}
		{E0823CBF-53D2-4F23-8AF2-F2C13353BA23} = {2815E6F1-D2F8-48DC-99FF-CE1F564E57F1}
		{EB41781E-71A6-466C-AF04-E7F0434FC344} = {2815E6F1-D2F8-48DC-99FF-CE1F564E57F1}
		{40AD19FF-C64D-4B41-8CA8-D6C650B45B85} = {2815E6F1-D2F8-48DC-99FF-CE1F564E57F1}
		{C95AACF2-C2DF-42E4-9376-544F8944AE92} = {E5BDFCA8-8A78-4B8E-83B0-BCF087DD0D86}
		{FB534345-80EB-43CB-99ED-4D5B6E116A9E} = {C95AACF2-C2DF-42E4-9376-544F8944AE92}
		{8B7CCF03-8DB3-4373-AEB4-D40FE29B60DD} = {C95AACF2-C2DF-42E4-9376-544F8944AE92}
		{A5ED1183-A8CF-4CF3-9E7E-F9ADF0F9A53B} = {C95AACF2-C2DF-42E4-9376-544F8944AE92}
		{0D8A862E-3166-4267-BE62-50E9ABD449C8} = {2815E6F1-D2F8-48DC-99FF-CE1F564E57F1}
		{B8151D52-63BA-4B86-98CC-A1D64F9041C2} = {2815E6F1-D2F8-48DC-99FF-CE1F564E57F1}
		{D3C8882B-F976-4421-8E2A-35757FC56F5A} = {59F57283-AB7D-4BE2-AC3C-19CD0CC3B12A}
		{C45B1FB8-A0D0-4C32-9E07-5F942EFB8B98} = {CD8FA31D-A9DD-4EE9-A593-2AD931D16BFF}
		{EC22D051-E4A2-4B1A-A206-772AD7989A39} = {CD8FA31D-A9DD-4EE9-A593-2AD931D16BFF}
		{3A15CDE3-6D42-48CD-909D-83737C277819} = {CD8FA31D-A9DD-4EE9-A593-2AD931D16BFF}
		{912095C3-5AEC-44F9-BDAE-7012C442EA17} = {CD8FA31D-A9DD-4EE9-A593-2AD931D16BFF}
		{EEB9C5D0-4BEE-403D-875E-2FC70B2915E0} = {CD8FA31D-A9DD-4EE9-A593-2AD931D16BFF}
		{D6DB7F4E-13A6-489B-8E68-7E2C6B4CFC9D} = {FF9E3BCC-102B-4EB6-B1AC-5EA325450989}
		{BB50FF98-7D4D-4922-8B43-44C5B1F926D5} = {D6DB7F4E-13A6-489B-8E68-7E2C6B4CFC9D}
		{AFC5947E-75A1-48F6-B7A4-1C4324DB2216} = {D6DB7F4E-13A6-489B-8E68-7E2C6B4CFC9D}
		{41A3D700-910C-4235-819E-DDB6B8B1CECC} = {D6DB7F4E-13A6-489B-8E68-7E2C6B4CFC9D}
		{2902D39F-49E6-46DC-944E-937DF4179963} = {D6DB7F4E-13A6-489B-8E68-7E2C6B4CFC9D}
		{36042A4A-8D09-4783-B56D-B464C2EC0640} = {C95AACF2-C2DF-42E4-9376-544F8944AE92}
		{B240B026-1097-46FE-8E9F-CD64D5B1DA66} = {E5BDFCA8-8A78-4B8E-83B0-BCF087DD0D86}
		{54F3D81D-CEA0-4F76-9728-092ED1964ED4} = {E5BDFCA8-8A78-4B8E-83B0-BCF087DD0D86}
		{47C0E117-6DA8-417E-8C61-0EE319FE52A2} = {D6DB7F4E-13A6-489B-8E68-7E2C6B4CFC9D}
		{9CDC3DF5-F1BC-43A8-847C-C44D0BB8E684} = {59F57283-AB7D-4BE2-AC3C-19CD0CC3B12A}
		{9D73D590-A80D-4249-8905-B29DEE2E5FE9} = {E917773F-87C9-461A-8EF9-50A2D4B2D141}
		{DACC01BD-B27A-4B64-8EBE-5F14D14DFCB7} = {9D73D590-A80D-4249-8905-B29DEE2E5FE9}
		{70A610B4-7DFC-4793-8AEA-B1EC5651DBCF} = {9D73D590-A80D-4249-8905-B29DEE2E5FE9}
		{C6A24250-4E61-4763-8E79-3DA0C7BDD1F9} = {9D73D590-A80D-4249-8905-B29DEE2E5FE9}
		{F8EA86F2-0240-4044-AD45-CB52649D1A6A} = {9D73D590-A80D-4249-8905-B29DEE2E5FE9}
		{99773860-796B-43C6-9548-5C4A10605C2A} = {9D73D590-A80D-4249-8905-B29DEE2E5FE9}
		{7FA803B0-939F-45CC-AB83-D58AB0A8742E} = {C95AACF2-C2DF-42E4-9376-544F8944AE92}
		{9F58411B-A3EF-4AEB-A5F3-D9D1702D2C2A} = {59F57283-AB7D-4BE2-AC3C-19CD0CC3B12A}
		{69E35B19-8628-45F8-89AC-9D70DB0643AB} = {D6DB7F4E-13A6-489B-8E68-7E2C6B4CFC9D}
	EndGlobalSection
EndGlobal
