
Microsoft Visual Studio Solution File, Format Version 12.00
# Visual Studio Version 17
VisualStudioVersion = 17.0.31903.59
MinimumVisualStudioVersion = 10.0.40219.1
Project("{2150E333-8FDC-42A3-9474-1A3956D46DE8}") = "src", "src", "{0AFC4A9F-A9DF-47B4-85AF-239855638EB8}"
EndProject
Project("{2150E333-8FDC-42A3-9474-1A3956D46DE8}") = "AICore", "AICore", "{5C029160-2ACF-4E36-B748-B8FF81174334}"
EndProject
Project("{FAE04EC0-301F-11D3-BF4B-00C04F79EFBC}") = "AlgoTecture.AICore.Api", "src\AICore\AlgoTecture.AICore.Api\AlgoTecture.AICore.Api.csproj", "{35FD6103-90D7-439C-94E1-0831875F9895}"
EndProject
Project("{FAE04EC0-301F-11D3-BF4B-00C04F79EFBC}") = "AlgoTecture.AICore.Application", "src\AICore\AlgoTecture.AICore.Application\AlgoTecture.AICore.Application.csproj", "{2B7B156A-078C-4B7A-A95B-9C9DA57ABE6A}"
EndProject
Project("{FAE04EC0-301F-11D3-BF4B-00C04F79EFBC}") = "AlgoTecture.AICore.Domain", "src\AICore\AlgoTecture.AICore.Domain\AlgoTecture.AICore.Domain.csproj", "{7F605DF0-B30D-4CA9-9C4A-B8B623AB4808}"
EndProject
Project("{2150E333-8FDC-42A3-9474-1A3956D46DE8}") = "BuildingBlocks", "BuildingBlocks", "{071CEC9D-7C56-43A0-89B8-9C120B9B4066}"
EndProject
Project("{FAE04EC0-301F-11D3-BF4B-00C04F79EFBC}") = "AlgoTecture.GeoAdminSearch", "src\BuildingBlocks\AlgoTecture.GeoAdminSearch\AlgoTecture.GeoAdminSearch.csproj", "{6256B74E-C8EF-4869-98D6-E78E4DE88D53}"
EndProject
Project("{FAE04EC0-301F-11D3-BF4B-00C04F79EFBC}") = "AlgoTecture.HttpClient", "src\BuildingBlocks\AlgoTecture.HttpClient\AlgoTecture.HttpClient.csproj", "{90AAB104-E0FE-4DDB-832D-B71E03FD6A2C}"
EndProject
Project("{FAE04EC0-301F-11D3-BF4B-00C04F79EFBC}") = "AlgoTecture.Utils", "src\BuildingBlocks\AlgoTecture.Utils\AlgoTecture.Utils.csproj", "{5B4A6500-577D-4C14-9748-DF3CEDA96BEC}"
EndProject
Project("{2150E333-8FDC-42A3-9474-1A3956D46DE8}") = "Contracts", "Contracts", "{0ACB7BC2-1699-4BF2-BD2D-E5F630EEFAED}"
EndProject
Project("{FAE04EC0-301F-11D3-BF4B-00C04F79EFBC}") = "AlgoTecture.Identity.Contracts", "src\BuildingBlocks\Contracts\AlgoTecture.Identity.Contracts\AlgoTecture.Identity.Contracts.csproj", "{FA31BB9E-D25F-4BF8-8F1D-D3D7EC6164CE}"
EndProject
Project("{FAE04EC0-301F-11D3-BF4B-00C04F79EFBC}") = "AlgoTecture.Reservation.Contracts", "src\BuildingBlocks\Contracts\AlgoTecture.Reservation.Contracts\AlgoTecture.Reservation.Contracts.csproj", "{275A8AAD-785F-4DCD-BE3C-826DB3671489}"
EndProject
Project("{FAE04EC0-301F-11D3-BF4B-00C04F79EFBC}") = "AlgoTecture.Shared.Contracts", "src\BuildingBlocks\Contracts\AlgoTecture.Shared.Contracts\AlgoTecture.Shared.Contracts.csproj", "{8E16321A-B183-463B-9863-0D3103FADD65}"
EndProject
Project("{FAE04EC0-301F-11D3-BF4B-00C04F79EFBC}") = "AlgoTecture.Space.Contracts", "src\BuildingBlocks\Contracts\AlgoTecture.Space.Contracts\AlgoTecture.Space.Contracts.csproj", "{1FCA1A84-548B-4715-86D7-53E17CE181A7}"
EndProject
Project("{FAE04EC0-301F-11D3-BF4B-00C04F79EFBC}") = "AlgoTecture.User.Contracts", "src\BuildingBlocks\Contracts\AlgoTecture.User.Contracts\AlgoTecture.User.Contracts.csproj", "{09C83850-38EE-48EF-8AF8-A780B81671CF}"
EndProject
Project("{FAE04EC0-301F-11D3-BF4B-00C04F79EFBC}") = "AlgoTecturer.TelegramBot.Contracts", "src\BuildingBlocks\Contracts\AlgoTecturer.TelegramBot.Contracts\AlgoTecturer.TelegramBot.Contracts.csproj", "{2B688E3D-E036-4E2D-BD72-B0775296FDB8}"
EndProject
Project("{2150E333-8FDC-42A3-9474-1A3956D46DE8}") = "Services", "Services", "{25036EC8-6DA9-4F75-9782-D43DF5E31CD6}"
EndProject
Project("{2150E333-8FDC-42A3-9474-1A3956D46DE8}") = "ApiGateway", "ApiGateway", "{4857AB24-D7A5-4D71-8D78-2E3E1D387CCF}"
EndProject
Project("{FAE04EC0-301F-11D3-BF4B-00C04F79EFBC}") = "AlgoTecture.ApiGateway", "src\Services\ApiGateway\AlgoTecture.ApiGateway\AlgoTecture.ApiGateway.csproj", "{5D8BC6E7-6BD5-4655-B9AD-548EBFF28BEB}"
EndProject
Project("{2150E333-8FDC-42A3-9474-1A3956D46DE8}") = "Identity", "Identity", "{652D5FFD-167B-4AFA-8D63-3457EEE8277A}"
EndProject
Project("{FAE04EC0-301F-11D3-BF4B-00C04F79EFBC}") = "AlgoTecture.Identity.Api", "src\Services\Identity\AlgoTecture.Identity.Api\AlgoTecture.Identity.Api.csproj", "{F329123E-807D-4A62-AAD2-B5D2F6FA967F}"
EndProject
Project("{FAE04EC0-301F-11D3-BF4B-00C04F79EFBC}") = "AlgoTecture.Identity.Application", "src\Services\Identity\AlgoTecture.Identity.Application\AlgoTecture.Identity.Application.csproj", "{737F459F-ECF2-4480-9F3A-23FD4693B6B4}"
EndProject
Project("{FAE04EC0-301F-11D3-BF4B-00C04F79EFBC}") = "AlgoTecture.Identity.Domain", "src\Services\Identity\AlgoTecture.Identity.Domain\AlgoTecture.Identity.Domain.csproj", "{96227145-E666-4080-B32E-9346DC2C1499}"
EndProject
Project("{FAE04EC0-301F-11D3-BF4B-00C04F79EFBC}") = "AlgoTecture.Identity.Infrastructure", "src\Services\Identity\AlgoTecture.Identity.Infrastructure\AlgoTecture.Identity.Infrastructure.csproj", "{87CB86F0-4883-4446-B980-BDAA6CBF320A}"
EndProject
Project("{FAE04EC0-301F-11D3-BF4B-00C04F79EFBC}") = "AlgoTecture.Identity.Infrastructure.DbMigrator", "src\Services\Identity\AlgoTecture.Identity.Infrastructure.DbMigrator\AlgoTecture.Identity.Infrastructure.DbMigrator.csproj", "{F4B8CC57-65DB-4BD9-962D-EB71BD20267F}"
EndProject
Project("{2150E333-8FDC-42A3-9474-1A3956D46DE8}") = "Reservation", "Reservation", "{BAD37850-F824-47CF-94A3-6634105F8FE0}"
EndProject
Project("{FAE04EC0-301F-11D3-BF4B-00C04F79EFBC}") = "AlgoTecture.Reservation.Api", "src\Services\Reservation\AlgoTecture.Reservation.Api\AlgoTecture.Reservation.Api.csproj", "{AF6EDAEA-8D74-4563-86EA-E0E22A403BD1}"
EndProject
Project("{FAE04EC0-301F-11D3-BF4B-00C04F79EFBC}") = "AlgoTecture.Reservation.Application", "src\Services\Reservation\AlgoTecture.Reservation.Application\AlgoTecture.Reservation.Application.csproj", "{6DD9FA64-9D9C-4807-B716-34EE4E7CA3A8}"
EndProject
Project("{FAE04EC0-301F-11D3-BF4B-00C04F79EFBC}") = "AlgoTecture.Reservation.Domain", "src\Services\Reservation\AlgoTecture.Reservation.Domain\AlgoTecture.Reservation.Domain.csproj", "{529E0F5D-1D3F-4AA3-A19B-B559A15783FF}"
EndProject
Project("{FAE04EC0-301F-11D3-BF4B-00C04F79EFBC}") = "AlgoTecture.Reservation.Infrastructure", "src\Services\Reservation\AlgoTecture.Reservation.Infrastructure\AlgoTecture.Reservation.Infrastructure.csproj", "{556A8574-5AEB-4541-A5EA-AB818A4E0854}"
EndProject
Project("{FAE04EC0-301F-11D3-BF4B-00C04F79EFBC}") = "AlgoTecture.Reservation.Infrastructure.DbMigrator", "src\Services\Reservation\AlgoTecture.Reservation.Infrastructure.DbMigrator\AlgoTecture.Reservation.Infrastructure.DbMigrator.csproj", "{B2C53915-2CAC-409D-9F53-5FF749D8E26B}"
EndProject
Project("{2150E333-8FDC-42A3-9474-1A3956D46DE8}") = "Space", "Space", "{E94E15A2-B1C0-42B9-B103-9B920AE7CEEF}"
EndProject
Project("{FAE04EC0-301F-11D3-BF4B-00C04F79EFBC}") = "AlgoTecture.Space.Api", "src\Services\Space\AlgoTecture.Space.Api\AlgoTecture.Space.Api.csproj", "{3ECD00C9-6C35-48C4-A872-DC485B172998}"
EndProject
Project("{FAE04EC0-301F-11D3-BF4B-00C04F79EFBC}") = "AlgoTecture.Space.Application", "src\Services\Space\AlgoTecture.Space.Application\AlgoTecture.Space.Application.csproj", "{7A127225-94B8-4524-B4A4-75AA8E3F1121}"
EndProject
Project("{FAE04EC0-301F-11D3-BF4B-00C04F79EFBC}") = "AlgoTecture.Space.Domain", "src\Services\Space\AlgoTecture.Space.Domain\AlgoTecture.Space.Domain.csproj", "{971302BE-B72A-443E-B435-83C4E74E8D8A}"
EndProject
Project("{FAE04EC0-301F-11D3-BF4B-00C04F79EFBC}") = "AlgoTecture.Space.Infrastructure", "src\Services\Space\AlgoTecture.Space.Infrastructure\AlgoTecture.Space.Infrastructure.csproj", "{E240E273-A068-446E-A13F-FFDDDD9C907B}"
EndProject
Project("{FAE04EC0-301F-11D3-BF4B-00C04F79EFBC}") = "AlgoTecture.Space.Infrastructure.DbMigrator", "src\Services\Space\AlgoTecture.Space.Infrastructure.DbMigrator\AlgoTecture.Space.Infrastructure.DbMigrator.csproj", "{52C6624B-D8B4-4A3B-922A-3ACD6167DDD6}"
EndProject
Project("{FAE04EC0-301F-11D3-BF4B-00C04F79EFBC}") = "AlgoTecture.Space.Providers", "src\Services\Space\AlgoTecture.Space.Providers\AlgoTecture.Space.Providers.csproj", "{907CDD0D-7AFB-432C-BBAE-A50600774E05}"
EndProject
Project("{2150E333-8FDC-42A3-9474-1A3956D46DE8}") = "User", "User", "{52DFB706-C275-4F9C-9143-23FC769E0DFE}"
EndProject
Project("{FAE04EC0-301F-11D3-BF4B-00C04F79EFBC}") = "AlgoTecture.User.Api", "src\Services\User\AlgoTecture.User.Api\AlgoTecture.User.Api.csproj", "{D3177B5E-9E39-4289-A258-E7F083FC9131}"
EndProject
Project("{FAE04EC0-301F-11D3-BF4B-00C04F79EFBC}") = "AlgoTecture.User.Application", "src\Services\User\AlgoTecture.User.Application\AlgoTecture.User.Application.csproj", "{291E6B22-4BE7-467E-A701-042C978ECB82}"
EndProject
Project("{FAE04EC0-301F-11D3-BF4B-00C04F79EFBC}") = "AlgoTecture.User.Domain", "src\Services\User\AlgoTecture.User.Domain\AlgoTecture.User.Domain.csproj", "{5DEEC5B7-8317-4DA5-9677-567E02B07A30}"
EndProject
Project("{FAE04EC0-301F-11D3-BF4B-00C04F79EFBC}") = "AlgoTecture.User.Infrastructure", "src\Services\User\AlgoTecture.User.Infrastructure\AlgoTecture.User.Infrastructure.csproj", "{B3EE8ED0-6F81-402D-AF7C-DF927D22E920}"
EndProject
Project("{FAE04EC0-301F-11D3-BF4B-00C04F79EFBC}") = "AlgoTecture.User.Infrastructure.DbMigrator", "src\Services\User\AlgoTecture.User.Infrastructure.DbMigrator\AlgoTecture.User.Infrastructure.DbMigrator.csproj", "{BAD9DFB8-E401-473E-9767-533226DF7C73}"
EndProject
Project("{2150E333-8FDC-42A3-9474-1A3956D46DE8}") = "TelegramBot", "TelegramBot", "{A5282541-5681-43E7-89BF-7633AB6C4E75}"
EndProject
Project("{FAE04EC0-301F-11D3-BF4B-00C04F79EFBC}") = "AlgoTecture.TelegramBot.Api", "src\TelegramBot\AlgoTecture.TelegramBot.Api\AlgoTecture.TelegramBot.Api.csproj", "{438DA34F-102D-429D-A08F-DA07F10313A6}"
EndProject
Project("{FAE04EC0-301F-11D3-BF4B-00C04F79EFBC}") = "AlgoTecture.TelegramBot.Application", "src\TelegramBot\AlgoTecture.TelegramBot.Application\AlgoTecture.TelegramBot.Application.csproj", "{F5C0BC57-023D-4EF6-B30C-7C40681BE97F}"
EndProject
Project("{FAE04EC0-301F-11D3-BF4B-00C04F79EFBC}") = "AlgoTecture.TelegramBot.Domain", "src\TelegramBot\AlgoTecture.TelegramBot.Domain\AlgoTecture.TelegramBot.Domain.csproj", "{A17A45D7-2F53-4A9C-8C3E-80F4C750381B}"
EndProject
Project("{FAE04EC0-301F-11D3-BF4B-00C04F79EFBC}") = "AlgoTecture.TelegramBot.Infrastructure", "src\TelegramBot\AlgoTecture.TelegramBot.Infrastructure\AlgoTecture.TelegramBot.Infrastructure.csproj", "{38C4AEF5-16AC-47DF-8079-9FD4DA947531}"
EndProject
Project("{FAE04EC0-301F-11D3-BF4B-00C04F79EFBC}") = "AlgoTecture.TelegramBot.Infrastructure.DbMigrator", "src\TelegramBot\AlgoTecture.TelegramBot.Infrastructure.DbMigrator\AlgoTecture.TelegramBot.Infrastructure.DbMigrator.csproj", "{9F1A93D6-371A-4C81-8429-754892050E35}"
EndProject
Project("{2150E333-8FDC-42A3-9474-1A3956D46DE8}") = "tests", "tests", "{4E7E978C-847A-430A-9467-B6F20DE8D00D}"
EndProject
Project("{FAE04EC0-301F-11D3-BF4B-00C04F79EFBC}") = "AlgoTecture.Identity.Tests", "tests\AlgoTecture.Identity.Tests\AlgoTecture.Identity.Tests.csproj", "{FFF77413-873A-4064-AC66-ECAE0CA58E95}"
EndProject
Project("{FAE04EC0-301F-11D3-BF4B-00C04F79EFBC}") = "AlgoTecture.Space.Tests", "tests\AlgoTecture.Space.Tests\AlgoTecture.Space.Tests.csproj", "{59B289C1-B6CE-4E8C-89C4-66A41C8FA23C}"
EndProject
Project("{FAE04EC0-301F-11D3-BF4B-00C04F79EFBC}") = "AlgoTecture.TelegramBot.Tests", "tests\AlgoTecture.TelegramBot.Tests\AlgoTecture.TelegramBot.Tests.csproj", "{24FACD0F-FF10-46BB-98A6-06DFB4B634B1}"
EndProject
Global
	GlobalSection(SolutionConfigurationPlatforms) = preSolution
		Debug|Any CPU = Debug|Any CPU
		Release|Any CPU = Release|Any CPU
	EndGlobalSection
	GlobalSection(SolutionProperties) = preSolution
		HideSolutionNode = FALSE
	EndGlobalSection
	GlobalSection(ProjectConfigurationPlatforms) = postSolution
		{35FD6103-90D7-439C-94E1-0831875F9895}.Debug|Any CPU.ActiveCfg = Debug|Any CPU
		{35FD6103-90D7-439C-94E1-0831875F9895}.Debug|Any CPU.Build.0 = Debug|Any CPU
		{35FD6103-90D7-439C-94E1-0831875F9895}.Release|Any CPU.ActiveCfg = Release|Any CPU
		{35FD6103-90D7-439C-94E1-0831875F9895}.Release|Any CPU.Build.0 = Release|Any CPU
		{2B7B156A-078C-4B7A-A95B-9C9DA57ABE6A}.Debug|Any CPU.ActiveCfg = Debug|Any CPU
		{2B7B156A-078C-4B7A-A95B-9C9DA57ABE6A}.Debug|Any CPU.Build.0 = Debug|Any CPU
		{2B7B156A-078C-4B7A-A95B-9C9DA57ABE6A}.Release|Any CPU.ActiveCfg = Release|Any CPU
		{2B7B156A-078C-4B7A-A95B-9C9DA57ABE6A}.Release|Any CPU.Build.0 = Release|Any CPU
		{7F605DF0-B30D-4CA9-9C4A-B8B623AB4808}.Debug|Any CPU.ActiveCfg = Debug|Any CPU
		{7F605DF0-B30D-4CA9-9C4A-B8B623AB4808}.Debug|Any CPU.Build.0 = Debug|Any CPU
		{7F605DF0-B30D-4CA9-9C4A-B8B623AB4808}.Release|Any CPU.ActiveCfg = Release|Any CPU
		{7F605DF0-B30D-4CA9-9C4A-B8B623AB4808}.Release|Any CPU.Build.0 = Release|Any CPU
		{6256B74E-C8EF-4869-98D6-E78E4DE88D53}.Debug|Any CPU.ActiveCfg = Debug|Any CPU
		{6256B74E-C8EF-4869-98D6-E78E4DE88D53}.Debug|Any CPU.Build.0 = Debug|Any CPU
		{6256B74E-C8EF-4869-98D6-E78E4DE88D53}.Release|Any CPU.ActiveCfg = Release|Any CPU
		{6256B74E-C8EF-4869-98D6-E78E4DE88D53}.Release|Any CPU.Build.0 = Release|Any CPU
		{90AAB104-E0FE-4DDB-832D-B71E03FD6A2C}.Debug|Any CPU.ActiveCfg = Debug|Any CPU
		{90AAB104-E0FE-4DDB-832D-B71E03FD6A2C}.Debug|Any CPU.Build.0 = Debug|Any CPU
		{90AAB104-E0FE-4DDB-832D-B71E03FD6A2C}.Release|Any CPU.ActiveCfg = Release|Any CPU
		{90AAB104-E0FE-4DDB-832D-B71E03FD6A2C}.Release|Any CPU.Build.0 = Release|Any CPU
		{5B4A6500-577D-4C14-9748-DF3CEDA96BEC}.Debug|Any CPU.ActiveCfg = Debug|Any CPU
		{5B4A6500-577D-4C14-9748-DF3CEDA96BEC}.Debug|Any CPU.Build.0 = Debug|Any CPU
		{5B4A6500-577D-4C14-9748-DF3CEDA96BEC}.Release|Any CPU.ActiveCfg = Release|Any CPU
		{5B4A6500-577D-4C14-9748-DF3CEDA96BEC}.Release|Any CPU.Build.0 = Release|Any CPU
		{FA31BB9E-D25F-4BF8-8F1D-D3D7EC6164CE}.Debug|Any CPU.ActiveCfg = Debug|Any CPU
		{FA31BB9E-D25F-4BF8-8F1D-D3D7EC6164CE}.Debug|Any CPU.Build.0 = Debug|Any CPU
		{FA31BB9E-D25F-4BF8-8F1D-D3D7EC6164CE}.Release|Any CPU.ActiveCfg = Release|Any CPU
		{FA31BB9E-D25F-4BF8-8F1D-D3D7EC6164CE}.Release|Any CPU.Build.0 = Release|Any CPU
		{275A8AAD-785F-4DCD-BE3C-826DB3671489}.Debug|Any CPU.ActiveCfg = Debug|Any CPU
		{275A8AAD-785F-4DCD-BE3C-826DB3671489}.Debug|Any CPU.Build.0 = Debug|Any CPU
		{275A8AAD-785F-4DCD-BE3C-826DB3671489}.Release|Any CPU.ActiveCfg = Release|Any CPU
		{275A8AAD-785F-4DCD-BE3C-826DB3671489}.Release|Any CPU.Build.0 = Release|Any CPU
		{8E16321A-B183-463B-9863-0D3103FADD65}.Debug|Any CPU.ActiveCfg = Debug|Any CPU
		{8E16321A-B183-463B-9863-0D3103FADD65}.Debug|Any CPU.Build.0 = Debug|Any CPU
		{8E16321A-B183-463B-9863-0D3103FADD65}.Release|Any CPU.ActiveCfg = Release|Any CPU
		{8E16321A-B183-463B-9863-0D3103FADD65}.Release|Any CPU.Build.0 = Release|Any CPU
		{1FCA1A84-548B-4715-86D7-53E17CE181A7}.Debug|Any CPU.ActiveCfg = Debug|Any CPU
		{1FCA1A84-548B-4715-86D7-53E17CE181A7}.Debug|Any CPU.Build.0 = Debug|Any CPU
		{1FCA1A84-548B-4715-86D7-53E17CE181A7}.Release|Any CPU.ActiveCfg = Release|Any CPU
		{1FCA1A84-548B-4715-86D7-53E17CE181A7}.Release|Any CPU.Build.0 = Release|Any CPU
		{09C83850-38EE-48EF-8AF8-A780B81671CF}.Debug|Any CPU.ActiveCfg = Debug|Any CPU
		{09C83850-38EE-48EF-8AF8-A780B81671CF}.Debug|Any CPU.Build.0 = Debug|Any CPU
		{09C83850-38EE-48EF-8AF8-A780B81671CF}.Release|Any CPU.ActiveCfg = Release|Any CPU
		{09C83850-38EE-48EF-8AF8-A780B81671CF}.Release|Any CPU.Build.0 = Release|Any CPU
		{2B688E3D-E036-4E2D-BD72-B0775296FDB8}.Debug|Any CPU.ActiveCfg = Debug|Any CPU
		{2B688E3D-E036-4E2D-BD72-B0775296FDB8}.Debug|Any CPU.Build.0 = Debug|Any CPU
		{2B688E3D-E036-4E2D-BD72-B0775296FDB8}.Release|Any CPU.ActiveCfg = Release|Any CPU
		{2B688E3D-E036-4E2D-BD72-B0775296FDB8}.Release|Any CPU.Build.0 = Release|Any CPU
		{5D8BC6E7-6BD5-4655-B9AD-548EBFF28BEB}.Debug|Any CPU.ActiveCfg = Debug|Any CPU
		{5D8BC6E7-6BD5-4655-B9AD-548EBFF28BEB}.Debug|Any CPU.Build.0 = Debug|Any CPU
		{5D8BC6E7-6BD5-4655-B9AD-548EBFF28BEB}.Release|Any CPU.ActiveCfg = Release|Any CPU
		{5D8BC6E7-6BD5-4655-B9AD-548EBFF28BEB}.Release|Any CPU.Build.0 = Release|Any CPU
		{F329123E-807D-4A62-AAD2-B5D2F6FA967F}.Debug|Any CPU.ActiveCfg = Debug|Any CPU
		{F329123E-807D-4A62-AAD2-B5D2F6FA967F}.Debug|Any CPU.Build.0 = Debug|Any CPU
		{F329123E-807D-4A62-AAD2-B5D2F6FA967F}.Release|Any CPU.ActiveCfg = Release|Any CPU
		{F329123E-807D-4A62-AAD2-B5D2F6FA967F}.Release|Any CPU.Build.0 = Release|Any CPU
		{737F459F-ECF2-4480-9F3A-23FD4693B6B4}.Debug|Any CPU.ActiveCfg = Debug|Any CPU
		{737F459F-ECF2-4480-9F3A-23FD4693B6B4}.Debug|Any CPU.Build.0 = Debug|Any CPU
		{737F459F-ECF2-4480-9F3A-23FD4693B6B4}.Release|Any CPU.ActiveCfg = Release|Any CPU
		{737F459F-ECF2-4480-9F3A-23FD4693B6B4}.Release|Any CPU.Build.0 = Release|Any CPU
		{96227145-E666-4080-B32E-9346DC2C1499}.Debug|Any CPU.ActiveCfg = Debug|Any CPU
		{96227145-E666-4080-B32E-9346DC2C1499}.Debug|Any CPU.Build.0 = Debug|Any CPU
		{96227145-E666-4080-B32E-9346DC2C1499}.Release|Any CPU.ActiveCfg = Release|Any CPU
		{96227145-E666-4080-B32E-9346DC2C1499}.Release|Any CPU.Build.0 = Release|Any CPU
		{87CB86F0-4883-4446-B980-BDAA6CBF320A}.Debug|Any CPU.ActiveCfg = Debug|Any CPU
		{87CB86F0-4883-4446-B980-BDAA6CBF320A}.Debug|Any CPU.Build.0 = Debug|Any CPU
		{87CB86F0-4883-4446-B980-BDAA6CBF320A}.Release|Any CPU.ActiveCfg = Release|Any CPU
		{87CB86F0-4883-4446-B980-BDAA6CBF320A}.Release|Any CPU.Build.0 = Release|Any CPU
		{F4B8CC57-65DB-4BD9-962D-EB71BD20267F}.Debug|Any CPU.ActiveCfg = Debug|Any CPU
		{F4B8CC57-65DB-4BD9-962D-EB71BD20267F}.Debug|Any CPU.Build.0 = Debug|Any CPU
		{F4B8CC57-65DB-4BD9-962D-EB71BD20267F}.Release|Any CPU.ActiveCfg = Release|Any CPU
		{F4B8CC57-65DB-4BD9-962D-EB71BD20267F}.Release|Any CPU.Build.0 = Release|Any CPU
		{AF6EDAEA-8D74-4563-86EA-E0E22A403BD1}.Debug|Any CPU.ActiveCfg = Debug|Any CPU
		{AF6EDAEA-8D74-4563-86EA-E0E22A403BD1}.Debug|Any CPU.Build.0 = Debug|Any CPU
		{AF6EDAEA-8D74-4563-86EA-E0E22A403BD1}.Release|Any CPU.ActiveCfg = Release|Any CPU
		{AF6EDAEA-8D74-4563-86EA-E0E22A403BD1}.Release|Any CPU.Build.0 = Release|Any CPU
		{6DD9FA64-9D9C-4807-B716-34EE4E7CA3A8}.Debug|Any CPU.ActiveCfg = Debug|Any CPU
		{6DD9FA64-9D9C-4807-B716-34EE4E7CA3A8}.Debug|Any CPU.Build.0 = Debug|Any CPU
		{6DD9FA64-9D9C-4807-B716-34EE4E7CA3A8}.Release|Any CPU.ActiveCfg = Release|Any CPU
		{6DD9FA64-9D9C-4807-B716-34EE4E7CA3A8}.Release|Any CPU.Build.0 = Release|Any CPU
		{529E0F5D-1D3F-4AA3-A19B-B559A15783FF}.Debug|Any CPU.ActiveCfg = Debug|Any CPU
		{529E0F5D-1D3F-4AA3-A19B-B559A15783FF}.Debug|Any CPU.Build.0 = Debug|Any CPU
		{529E0F5D-1D3F-4AA3-A19B-B559A15783FF}.Release|Any CPU.ActiveCfg = Release|Any CPU
		{529E0F5D-1D3F-4AA3-A19B-B559A15783FF}.Release|Any CPU.Build.0 = Release|Any CPU
		{556A8574-5AEB-4541-A5EA-AB818A4E0854}.Debug|Any CPU.ActiveCfg = Debug|Any CPU
		{556A8574-5AEB-4541-A5EA-AB818A4E0854}.Debug|Any CPU.Build.0 = Debug|Any CPU
		{556A8574-5AEB-4541-A5EA-AB818A4E0854}.Release|Any CPU.ActiveCfg = Release|Any CPU
		{556A8574-5AEB-4541-A5EA-AB818A4E0854}.Release|Any CPU.Build.0 = Release|Any CPU
		{B2C53915-2CAC-409D-9F53-5FF749D8E26B}.Debug|Any CPU.ActiveCfg = Debug|Any CPU
		{B2C53915-2CAC-409D-9F53-5FF749D8E26B}.Debug|Any CPU.Build.0 = Debug|Any CPU
		{B2C53915-2CAC-409D-9F53-5FF749D8E26B}.Release|Any CPU.ActiveCfg = Release|Any CPU
		{B2C53915-2CAC-409D-9F53-5FF749D8E26B}.Release|Any CPU.Build.0 = Release|Any CPU
		{3ECD00C9-6C35-48C4-A872-DC485B172998}.Debug|Any CPU.ActiveCfg = Debug|Any CPU
		{3ECD00C9-6C35-48C4-A872-DC485B172998}.Debug|Any CPU.Build.0 = Debug|Any CPU
		{3ECD00C9-6C35-48C4-A872-DC485B172998}.Release|Any CPU.ActiveCfg = Release|Any CPU
		{3ECD00C9-6C35-48C4-A872-DC485B172998}.Release|Any CPU.Build.0 = Release|Any CPU
		{7A127225-94B8-4524-B4A4-75AA8E3F1121}.Debug|Any CPU.ActiveCfg = Debug|Any CPU
		{7A127225-94B8-4524-B4A4-75AA8E3F1121}.Debug|Any CPU.Build.0 = Debug|Any CPU
		{7A127225-94B8-4524-B4A4-75AA8E3F1121}.Release|Any CPU.ActiveCfg = Release|Any CPU
		{7A127225-94B8-4524-B4A4-75AA8E3F1121}.Release|Any CPU.Build.0 = Release|Any CPU
		{971302BE-B72A-443E-B435-83C4E74E8D8A}.Debug|Any CPU.ActiveCfg = Debug|Any CPU
		{971302BE-B72A-443E-B435-83C4E74E8D8A}.Debug|Any CPU.Build.0 = Debug|Any CPU
		{971302BE-B72A-443E-B435-83C4E74E8D8A}.Release|Any CPU.ActiveCfg = Release|Any CPU
		{971302BE-B72A-443E-B435-83C4E74E8D8A}.Release|Any CPU.Build.0 = Release|Any CPU
		{E240E273-A068-446E-A13F-FFDDDD9C907B}.Debug|Any CPU.ActiveCfg = Debug|Any CPU
		{E240E273-A068-446E-A13F-FFDDDD9C907B}.Debug|Any CPU.Build.0 = Debug|Any CPU
		{E240E273-A068-446E-A13F-FFDDDD9C907B}.Release|Any CPU.ActiveCfg = Release|Any CPU
		{E240E273-A068-446E-A13F-FFDDDD9C907B}.Release|Any CPU.Build.0 = Release|Any CPU
		{52C6624B-D8B4-4A3B-922A-3ACD6167DDD6}.Debug|Any CPU.ActiveCfg = Debug|Any CPU
		{52C6624B-D8B4-4A3B-922A-3ACD6167DDD6}.Debug|Any CPU.Build.0 = Debug|Any CPU
		{52C6624B-D8B4-4A3B-922A-3ACD6167DDD6}.Release|Any CPU.ActiveCfg = Release|Any CPU
		{52C6624B-D8B4-4A3B-922A-3ACD6167DDD6}.Release|Any CPU.Build.0 = Release|Any CPU
		{907CDD0D-7AFB-432C-BBAE-A50600774E05}.Debug|Any CPU.ActiveCfg = Debug|Any CPU
		{907CDD0D-7AFB-432C-BBAE-A50600774E05}.Debug|Any CPU.Build.0 = Debug|Any CPU
		{907CDD0D-7AFB-432C-BBAE-A50600774E05}.Release|Any CPU.ActiveCfg = Release|Any CPU
		{907CDD0D-7AFB-432C-BBAE-A50600774E05}.Release|Any CPU.Build.0 = Release|Any CPU
		{D3177B5E-9E39-4289-A258-E7F083FC9131}.Debug|Any CPU.ActiveCfg = Debug|Any CPU
		{D3177B5E-9E39-4289-A258-E7F083FC9131}.Debug|Any CPU.Build.0 = Debug|Any CPU
		{D3177B5E-9E39-4289-A258-E7F083FC9131}.Release|Any CPU.ActiveCfg = Release|Any CPU
		{D3177B5E-9E39-4289-A258-E7F083FC9131}.Release|Any CPU.Build.0 = Release|Any CPU
		{291E6B22-4BE7-467E-A701-042C978ECB82}.Debug|Any CPU.ActiveCfg = Debug|Any CPU
		{291E6B22-4BE7-467E-A701-042C978ECB82}.Debug|Any CPU.Build.0 = Debug|Any CPU
		{291E6B22-4BE7-467E-A701-042C978ECB82}.Release|Any CPU.ActiveCfg = Release|Any CPU
		{291E6B22-4BE7-467E-A701-042C978ECB82}.Release|Any CPU.Build.0 = Release|Any CPU
		{5DEEC5B7-8317-4DA5-9677-567E02B07A30}.Debug|Any CPU.ActiveCfg = Debug|Any CPU
		{5DEEC5B7-8317-4DA5-9677-567E02B07A30}.Debug|Any CPU.Build.0 = Debug|Any CPU
		{5DEEC5B7-8317-4DA5-9677-567E02B07A30}.Release|Any CPU.ActiveCfg = Release|Any CPU
		{5DEEC5B7-8317-4DA5-9677-567E02B07A30}.Release|Any CPU.Build.0 = Release|Any CPU
		{B3EE8ED0-6F81-402D-AF7C-DF927D22E920}.Debug|Any CPU.ActiveCfg = Debug|Any CPU
		{B3EE8ED0-6F81-402D-AF7C-DF927D22E920}.Debug|Any CPU.Build.0 = Debug|Any CPU
		{B3EE8ED0-6F81-402D-AF7C-DF927D22E920}.Release|Any CPU.ActiveCfg = Release|Any CPU
		{B3EE8ED0-6F81-402D-AF7C-DF927D22E920}.Release|Any CPU.Build.0 = Release|Any CPU
		{BAD9DFB8-E401-473E-9767-533226DF7C73}.Debug|Any CPU.ActiveCfg = Debug|Any CPU
		{BAD9DFB8-E401-473E-9767-533226DF7C73}.Debug|Any CPU.Build.0 = Debug|Any CPU
		{BAD9DFB8-E401-473E-9767-533226DF7C73}.Release|Any CPU.ActiveCfg = Release|Any CPU
		{BAD9DFB8-E401-473E-9767-533226DF7C73}.Release|Any CPU.Build.0 = Release|Any CPU
		{438DA34F-102D-429D-A08F-DA07F10313A6}.Debug|Any CPU.ActiveCfg = Debug|Any CPU
		{438DA34F-102D-429D-A08F-DA07F10313A6}.Debug|Any CPU.Build.0 = Debug|Any CPU
		{438DA34F-102D-429D-A08F-DA07F10313A6}.Release|Any CPU.ActiveCfg = Release|Any CPU
		{438DA34F-102D-429D-A08F-DA07F10313A6}.Release|Any CPU.Build.0 = Release|Any CPU
		{F5C0BC57-023D-4EF6-B30C-7C40681BE97F}.Debug|Any CPU.ActiveCfg = Debug|Any CPU
		{F5C0BC57-023D-4EF6-B30C-7C40681BE97F}.Debug|Any CPU.Build.0 = Debug|Any CPU
		{F5C0BC57-023D-4EF6-B30C-7C40681BE97F}.Release|Any CPU.ActiveCfg = Release|Any CPU
		{F5C0BC57-023D-4EF6-B30C-7C40681BE97F}.Release|Any CPU.Build.0 = Release|Any CPU
		{A17A45D7-2F53-4A9C-8C3E-80F4C750381B}.Debug|Any CPU.ActiveCfg = Debug|Any CPU
		{A17A45D7-2F53-4A9C-8C3E-80F4C750381B}.Debug|Any CPU.Build.0 = Debug|Any CPU
		{A17A45D7-2F53-4A9C-8C3E-80F4C750381B}.Release|Any CPU.ActiveCfg = Release|Any CPU
		{A17A45D7-2F53-4A9C-8C3E-80F4C750381B}.Release|Any CPU.Build.0 = Release|Any CPU
		{38C4AEF5-16AC-47DF-8079-9FD4DA947531}.Debug|Any CPU.ActiveCfg = Debug|Any CPU
		{38C4AEF5-16AC-47DF-8079-9FD4DA947531}.Debug|Any CPU.Build.0 = Debug|Any CPU
		{38C4AEF5-16AC-47DF-8079-9FD4DA947531}.Release|Any CPU.ActiveCfg = Release|Any CPU
		{38C4AEF5-16AC-47DF-8079-9FD4DA947531}.Release|Any CPU.Build.0 = Release|Any CPU
		{9F1A93D6-371A-4C81-8429-754892050E35}.Debug|Any CPU.ActiveCfg = Debug|Any CPU
		{9F1A93D6-371A-4C81-8429-754892050E35}.Debug|Any CPU.Build.0 = Debug|Any CPU
		{9F1A93D6-371A-4C81-8429-754892050E35}.Release|Any CPU.ActiveCfg = Release|Any CPU
		{9F1A93D6-371A-4C81-8429-754892050E35}.Release|Any CPU.Build.0 = Release|Any CPU
		{FFF77413-873A-4064-AC66-ECAE0CA58E95}.Debug|Any CPU.ActiveCfg = Debug|Any CPU
		{FFF77413-873A-4064-AC66-ECAE0CA58E95}.Debug|Any CPU.Build.0 = Debug|Any CPU
		{FFF77413-873A-4064-AC66-ECAE0CA58E95}.Release|Any CPU.ActiveCfg = Release|Any CPU
		{FFF77413-873A-4064-AC66-ECAE0CA58E95}.Release|Any CPU.Build.0 = Release|Any CPU
		{59B289C1-B6CE-4E8C-89C4-66A41C8FA23C}.Debug|Any CPU.ActiveCfg = Debug|Any CPU
		{59B289C1-B6CE-4E8C-89C4-66A41C8FA23C}.Debug|Any CPU.Build.0 = Debug|Any CPU
		{59B289C1-B6CE-4E8C-89C4-66A41C8FA23C}.Release|Any CPU.ActiveCfg = Release|Any CPU
		{59B289C1-B6CE-4E8C-89C4-66A41C8FA23C}.Release|Any CPU.Build.0 = Release|Any CPU
		{24FACD0F-FF10-46BB-98A6-06DFB4B634B1}.Debug|Any CPU.ActiveCfg = Debug|Any CPU
		{24FACD0F-FF10-46BB-98A6-06DFB4B634B1}.Debug|Any CPU.Build.0 = Debug|Any CPU
		{24FACD0F-FF10-46BB-98A6-06DFB4B634B1}.Release|Any CPU.ActiveCfg = Release|Any CPU
		{24FACD0F-FF10-46BB-98A6-06DFB4B634B1}.Release|Any CPU.Build.0 = Release|Any CPU
	EndGlobalSection
	GlobalSection(NestedProjects) = preSolution
		{5C029160-2ACF-4E36-B748-B8FF81174334} = {0AFC4A9F-A9DF-47B4-85AF-239855638EB8}
		{35FD6103-90D7-439C-94E1-0831875F9895} = {5C029160-2ACF-4E36-B748-B8FF81174334}
		{2B7B156A-078C-4B7A-A95B-9C9DA57ABE6A} = {5C029160-2ACF-4E36-B748-B8FF81174334}
		{7F605DF0-B30D-4CA9-9C4A-B8B623AB4808} = {5C029160-2ACF-4E36-B748-B8FF81174334}
		{071CEC9D-7C56-43A0-89B8-9C120B9B4066} = {0AFC4A9F-A9DF-47B4-85AF-239855638EB8}
		{6256B74E-C8EF-4869-98D6-E78E4DE88D53} = {071CEC9D-7C56-43A0-89B8-9C120B9B4066}
		{90AAB104-E0FE-4DDB-832D-B71E03FD6A2C} = {071CEC9D-7C56-43A0-89B8-9C120B9B4066}
		{5B4A6500-577D-4C14-9748-DF3CEDA96BEC} = {071CEC9D-7C56-43A0-89B8-9C120B9B4066}
		{0ACB7BC2-1699-4BF2-BD2D-E5F630EEFAED} = {071CEC9D-7C56-43A0-89B8-9C120B9B4066}
		{FA31BB9E-D25F-4BF8-8F1D-D3D7EC6164CE} = {0ACB7BC2-1699-4BF2-BD2D-E5F630EEFAED}
		{275A8AAD-785F-4DCD-BE3C-826DB3671489} = {0ACB7BC2-1699-4BF2-BD2D-E5F630EEFAED}
		{8E16321A-B183-463B-9863-0D3103FADD65} = {0ACB7BC2-1699-4BF2-BD2D-E5F630EEFAED}
		{1FCA1A84-548B-4715-86D7-53E17CE181A7} = {0ACB7BC2-1699-4BF2-BD2D-E5F630EEFAED}
		{09C83850-38EE-48EF-8AF8-A780B81671CF} = {0ACB7BC2-1699-4BF2-BD2D-E5F630EEFAED}
		{2B688E3D-E036-4E2D-BD72-B0775296FDB8} = {0ACB7BC2-1699-4BF2-BD2D-E5F630EEFAED}
		{25036EC8-6DA9-4F75-9782-D43DF5E31CD6} = {0AFC4A9F-A9DF-47B4-85AF-239855638EB8}
		{4857AB24-D7A5-4D71-8D78-2E3E1D387CCF} = {25036EC8-6DA9-4F75-9782-D43DF5E31CD6}
		{5D8BC6E7-6BD5-4655-B9AD-548EBFF28BEB} = {4857AB24-D7A5-4D71-8D78-2E3E1D387CCF}
		{652D5FFD-167B-4AFA-8D63-3457EEE8277A} = {25036EC8-6DA9-4F75-9782-D43DF5E31CD6}
		{F329123E-807D-4A62-AAD2-B5D2F6FA967F} = {652D5FFD-167B-4AFA-8D63-3457EEE8277A}
		{737F459F-ECF2-4480-9F3A-23FD4693B6B4} = {652D5FFD-167B-4AFA-8D63-3457EEE8277A}
		{96227145-E666-4080-B32E-9346DC2C1499} = {652D5FFD-167B-4AFA-8D63-3457EEE8277A}
		{87CB86F0-4883-4446-B980-BDAA6CBF320A} = {652D5FFD-167B-4AFA-8D63-3457EEE8277A}
		{F4B8CC57-65DB-4BD9-962D-EB71BD20267F} = {652D5FFD-167B-4AFA-8D63-3457EEE8277A}
		{BAD37850-F824-47CF-94A3-6634105F8FE0} = {25036EC8-6DA9-4F75-9782-D43DF5E31CD6}
		{AF6EDAEA-8D74-4563-86EA-E0E22A403BD1} = {BAD37850-F824-47CF-94A3-6634105F8FE0}
		{6DD9FA64-9D9C-4807-B716-34EE4E7CA3A8} = {BAD37850-F824-47CF-94A3-6634105F8FE0}
		{529E0F5D-1D3F-4AA3-A19B-B559A15783FF} = {BAD37850-F824-47CF-94A3-6634105F8FE0}
		{556A8574-5AEB-4541-A5EA-AB818A4E0854} = {BAD37850-F824-47CF-94A3-6634105F8FE0}
		{B2C53915-2CAC-409D-9F53-5FF749D8E26B} = {BAD37850-F824-47CF-94A3-6634105F8FE0}
		{E94E15A2-B1C0-42B9-B103-9B920AE7CEEF} = {25036EC8-6DA9-4F75-9782-D43DF5E31CD6}
		{3ECD00C9-6C35-48C4-A872-DC485B172998} = {E94E15A2-B1C0-42B9-B103-9B920AE7CEEF}
		{7A127225-94B8-4524-B4A4-75AA8E3F1121} = {E94E15A2-B1C0-42B9-B103-9B920AE7CEEF}
		{971302BE-B72A-443E-B435-83C4E74E8D8A} = {E94E15A2-B1C0-42B9-B103-9B920AE7CEEF}
		{E240E273-A068-446E-A13F-FFDDDD9C907B} = {E94E15A2-B1C0-42B9-B103-9B920AE7CEEF}
		{52C6624B-D8B4-4A3B-922A-3ACD6167DDD6} = {E94E15A2-B1C0-42B9-B103-9B920AE7CEEF}
		{907CDD0D-7AFB-432C-BBAE-A50600774E05} = {E94E15A2-B1C0-42B9-B103-9B920AE7CEEF}
		{52DFB706-C275-4F9C-9143-23FC769E0DFE} = {25036EC8-6DA9-4F75-9782-D43DF5E31CD6}
		{D3177B5E-9E39-4289-A258-E7F083FC9131} = {52DFB706-C275-4F9C-9143-23FC769E0DFE}
		{291E6B22-4BE7-467E-A701-042C978ECB82} = {52DFB706-C275-4F9C-9143-23FC769E0DFE}
		{5DEEC5B7-8317-4DA5-9677-567E02B07A30} = {52DFB706-C275-4F9C-9143-23FC769E0DFE}
		{B3EE8ED0-6F81-402D-AF7C-DF927D22E920} = {52DFB706-C275-4F9C-9143-23FC769E0DFE}
		{BAD9DFB8-E401-473E-9767-533226DF7C73} = {52DFB706-C275-4F9C-9143-23FC769E0DFE}
		{A5282541-5681-43E7-89BF-7633AB6C4E75} = {0AFC4A9F-A9DF-47B4-85AF-239855638EB8}
		{438DA34F-102D-429D-A08F-DA07F10313A6} = {A5282541-5681-43E7-89BF-7633AB6C4E75}
		{F5C0BC57-023D-4EF6-B30C-7C40681BE97F} = {A5282541-5681-43E7-89BF-7633AB6C4E75}
		{A17A45D7-2F53-4A9C-8C3E-80F4C750381B} = {A5282541-5681-43E7-89BF-7633AB6C4E75}
		{38C4AEF5-16AC-47DF-8079-9FD4DA947531} = {A5282541-5681-43E7-89BF-7633AB6C4E75}
		{9F1A93D6-371A-4C81-8429-754892050E35} = {A5282541-5681-43E7-89BF-7633AB6C4E75}
		{FFF77413-873A-4064-AC66-ECAE0CA58E95} = {4E7E978C-847A-430A-9467-B6F20DE8D00D}
		{59B289C1-B6CE-4E8C-89C4-66A41C8FA23C} = {4E7E978C-847A-430A-9467-B6F20DE8D00D}
		{24FACD0F-FF10-46BB-98A6-06DFB4B634B1} = {4E7E978C-847A-430A-9467-B6F20DE8D00D}
	EndGlobalSection
EndGlobal
